{
  "version": 4,
  "terraform_version": "0.12.24",
  "serial": 138,
  "lineage": "39cc2077-d1dc-627f-4ae7-0e6dbe7413ed",
  "outputs": {
    "alb_dns_name": {
      "value": "rails-form-training-1093700072.ap-northeast-1.elb.amazonaws.com",
      "type": "string"
    },
    "domain_name": {
      "value": "matsushin11.net",
      "type": "string"
    },
    "operation_instance_id": {
      "value": "i-01c79d9e2877330d2",
      "type": "string"
    }
  },
  "resources": [
    {
      "mode": "data",
      "type": "aws_iam_policy",
      "name": "ec2_for_ssm",
      "provider": "provider.aws",
      "instances": [
        {
          "schema_version": 0,
          "attributes": {
            "arn": "arn:aws:iam::aws:policy/AmazonSSMManagedInstanceCore",
            "description": "The policy for Amazon EC2 Role to enable AWS Systems Manager service core functionality.",
            "id": "arn:aws:iam::aws:policy/AmazonSSMManagedInstanceCore",
            "name": "AmazonSSMManagedInstanceCore",
            "path": "/",
            "policy": "{\n    \"Version\": \"2012-10-17\",\n    \"Statement\": [\n        {\n            \"Effect\": \"Allow\",\n            \"Action\": [\n                \"ssm:DescribeAssociation\",\n                \"ssm:GetDeployablePatchSnapshotForInstance\",\n                \"ssm:GetDocument\",\n                \"ssm:DescribeDocument\",\n                \"ssm:GetManifest\",\n                \"ssm:GetParameter\",\n                \"ssm:GetParameters\",\n                \"ssm:ListAssociations\",\n                \"ssm:ListInstanceAssociations\",\n                \"ssm:PutInventory\",\n                \"ssm:PutComplianceItems\",\n                \"ssm:PutConfigurePackageResult\",\n                \"ssm:UpdateAssociationStatus\",\n                \"ssm:UpdateInstanceAssociationStatus\",\n                \"ssm:UpdateInstanceInformation\"\n            ],\n            \"Resource\": \"*\"\n        },\n        {\n            \"Effect\": \"Allow\",\n            \"Action\": [\n                \"ssmmessages:CreateControlChannel\",\n                \"ssmmessages:CreateDataChannel\",\n                \"ssmmessages:OpenControlChannel\",\n                \"ssmmessages:OpenDataChannel\"\n            ],\n            \"Resource\": \"*\"\n        },\n        {\n            \"Effect\": \"Allow\",\n            \"Action\": [\n                \"ec2messages:AcknowledgeMessage\",\n                \"ec2messages:DeleteMessage\",\n                \"ec2messages:FailMessage\",\n                \"ec2messages:GetEndpoint\",\n                \"ec2messages:GetMessages\",\n                \"ec2messages:SendReply\"\n            ],\n            \"Resource\": \"*\"\n        }\n    ]\n}"
          }
        }
      ]
    },
    {
      "mode": "data",
      "type": "aws_iam_policy",
      "name": "ecs_events_role_policy",
      "provider": "provider.aws",
      "instances": [
        {
          "schema_version": 0,
          "attributes": {
            "arn": "arn:aws:iam::aws:policy/service-role/AmazonEC2ContainerServiceEventsRole",
            "description": "Policy to enable CloudWatch Events for EC2 Container Service",
            "id": "arn:aws:iam::aws:policy/service-role/AmazonEC2ContainerServiceEventsRole",
            "name": "AmazonEC2ContainerServiceEventsRole",
            "path": "/service-role/",
            "policy": "{\n    \"Version\": \"2012-10-17\",\n    \"Statement\": [\n        {\n            \"Effect\": \"Allow\",\n            \"Action\": [\n                \"ecs:RunTask\"\n            ],\n            \"Resource\": [\n                \"*\"\n            ]\n        },\n        {\n            \"Effect\": \"Allow\",\n            \"Action\": \"iam:PassRole\",\n            \"Resource\": [\n                \"*\"\n            ],\n            \"Condition\": {\n                \"StringLike\": {\n                    \"iam:PassedToService\": \"ecs-tasks.amazonaws.com\"\n                }\n            }\n        }\n    ]\n}"
          }
        }
      ]
    },
    {
      "mode": "data",
      "type": "aws_iam_policy",
      "name": "ecs_task_execution_role_policy",
      "provider": "provider.aws",
      "instances": [
        {
          "schema_version": 0,
          "attributes": {
            "arn": "arn:aws:iam::aws:policy/service-role/AmazonECSTaskExecutionRolePolicy",
            "description": "Provides access to other AWS service resources that are required to run Amazon ECS tasks",
            "id": "arn:aws:iam::aws:policy/service-role/AmazonECSTaskExecutionRolePolicy",
            "name": "AmazonECSTaskExecutionRolePolicy",
            "path": "/service-role/",
            "policy": "{\n  \"Version\": \"2012-10-17\",\n  \"Statement\": [\n    {\n      \"Effect\": \"Allow\",\n      \"Action\": [\n        \"ecr:GetAuthorizationToken\",\n        \"ecr:BatchCheckLayerAvailability\",\n        \"ecr:GetDownloadUrlForLayer\",\n        \"ecr:BatchGetImage\",\n        \"logs:CreateLogStream\",\n        \"logs:PutLogEvents\"\n      ],\n      \"Resource\": \"*\"\n    }\n  ]\n}"
          }
        }
      ]
    },
    {
      "mode": "data",
      "type": "aws_iam_policy_document",
      "name": "alb_log",
      "provider": "provider.aws",
      "instances": [
        {
          "schema_version": 0,
          "attributes": {
            "id": "2173172839",
            "json": "{\n  \"Version\": \"2012-10-17\",\n  \"Statement\": [\n    {\n      \"Sid\": \"\",\n      \"Effect\": \"Allow\",\n      \"Action\": \"s3:PutObject\",\n      \"Resource\": \"arn:aws:s3:::alb-log-rails-form-training/*\",\n      \"Principal\": {\n        \"AWS\": \"582318560864\"\n      }\n    }\n  ]\n}",
            "override_json": null,
            "policy_id": null,
            "source_json": null,
            "statement": [
              {
                "actions": [
                  "s3:PutObject"
                ],
                "condition": [],
                "effect": "Allow",
                "not_actions": [],
                "not_principals": [],
                "not_resources": [],
                "principals": [
                  {
                    "identifiers": [
                      "582318560864"
                    ],
                    "type": "AWS"
                  }
                ],
                "resources": [
                  "arn:aws:s3:::alb-log-rails-form-training/*"
                ],
                "sid": ""
              }
            ],
            "version": "2012-10-17"
          }
        }
      ]
    },
    {
      "mode": "data",
      "type": "aws_iam_policy_document",
      "name": "allow_describe_regions",
      "provider": "provider.aws",
      "instances": [
        {
          "schema_version": 0,
          "attributes": {
            "id": "398097266",
            "json": "{\n  \"Version\": \"2012-10-17\",\n  \"Statement\": [\n    {\n      \"Sid\": \"\",\n      \"Effect\": \"Allow\",\n      \"Action\": \"ec2:DescribeRegions\",\n      \"Resource\": \"*\"\n    }\n  ]\n}",
            "override_json": null,
            "policy_id": null,
            "source_json": null,
            "statement": [
              {
                "actions": [
                  "ec2:DescribeRegions"
                ],
                "condition": [],
                "effect": "Allow",
                "not_actions": [],
                "not_principals": [],
                "not_resources": [],
                "principals": [],
                "resources": [
                  "*"
                ],
                "sid": ""
              }
            ],
            "version": "2012-10-17"
          }
        }
      ]
    },
    {
      "module": "module.codebuild_role",
      "mode": "data",
      "type": "aws_iam_policy_document",
      "name": "assume_role",
      "provider": "provider.aws",
      "instances": [
        {
          "schema_version": 0,
          "attributes": {
            "id": "442947395",
            "json": "{\n  \"Version\": \"2012-10-17\",\n  \"Statement\": [\n    {\n      \"Sid\": \"\",\n      \"Effect\": \"Allow\",\n      \"Action\": \"sts:AssumeRole\",\n      \"Principal\": {\n        \"Service\": \"codebuild.amazonaws.com\"\n      }\n    }\n  ]\n}",
            "override_json": null,
            "policy_id": null,
            "source_json": null,
            "statement": [
              {
                "actions": [
                  "sts:AssumeRole"
                ],
                "condition": [],
                "effect": "Allow",
                "not_actions": [],
                "not_principals": [],
                "not_resources": [],
                "principals": [
                  {
                    "identifiers": [
                      "codebuild.amazonaws.com"
                    ],
                    "type": "Service"
                  }
                ],
                "resources": [],
                "sid": ""
              }
            ],
            "version": "2012-10-17"
          }
        }
      ]
    },
    {
      "module": "module.codepipeline_role",
      "mode": "data",
      "type": "aws_iam_policy_document",
      "name": "assume_role",
      "provider": "provider.aws",
      "instances": [
        {
          "schema_version": 0,
          "attributes": {
            "id": "382154967",
            "json": "{\n  \"Version\": \"2012-10-17\",\n  \"Statement\": [\n    {\n      \"Sid\": \"\",\n      \"Effect\": \"Allow\",\n      \"Action\": \"sts:AssumeRole\",\n      \"Principal\": {\n        \"Service\": \"codepipeline.amazonaws.com\"\n      }\n    }\n  ]\n}",
            "override_json": null,
            "policy_id": null,
            "source_json": null,
            "statement": [
              {
                "actions": [
                  "sts:AssumeRole"
                ],
                "condition": [],
                "effect": "Allow",
                "not_actions": [],
                "not_principals": [],
                "not_resources": [],
                "principals": [
                  {
                    "identifiers": [
                      "codepipeline.amazonaws.com"
                    ],
                    "type": "Service"
                  }
                ],
                "resources": [],
                "sid": ""
              }
            ],
            "version": "2012-10-17"
          }
        }
      ]
    },
    {
      "module": "module.describe_regions_for_ec2",
      "mode": "data",
      "type": "aws_iam_policy_document",
      "name": "assume_role",
      "provider": "provider.aws",
      "instances": [
        {
          "schema_version": 0,
          "attributes": {
            "id": "1903849331",
            "json": "{\n  \"Version\": \"2012-10-17\",\n  \"Statement\": [\n    {\n      \"Sid\": \"\",\n      \"Effect\": \"Allow\",\n      \"Action\": \"sts:AssumeRole\",\n      \"Principal\": {\n        \"Service\": \"ec2.amazonaws.com\"\n      }\n    }\n  ]\n}",
            "override_json": null,
            "policy_id": null,
            "source_json": null,
            "statement": [
              {
                "actions": [
                  "sts:AssumeRole"
                ],
                "condition": [],
                "effect": "Allow",
                "not_actions": [],
                "not_principals": [],
                "not_resources": [],
                "principals": [
                  {
                    "identifiers": [
                      "ec2.amazonaws.com"
                    ],
                    "type": "Service"
                  }
                ],
                "resources": [],
                "sid": ""
              }
            ],
            "version": "2012-10-17"
          }
        }
      ]
    },
    {
      "module": "module.ecs_events_role",
      "mode": "data",
      "type": "aws_iam_policy_document",
      "name": "assume_role",
      "provider": "provider.aws",
      "instances": [
        {
          "schema_version": 0,
          "attributes": {
            "id": "2423734833",
            "json": "{\n  \"Version\": \"2012-10-17\",\n  \"Statement\": [\n    {\n      \"Sid\": \"\",\n      \"Effect\": \"Allow\",\n      \"Action\": \"sts:AssumeRole\",\n      \"Principal\": {\n        \"Service\": \"events.amazonaws.com\"\n      }\n    }\n  ]\n}",
            "override_json": null,
            "policy_id": null,
            "source_json": null,
            "statement": [
              {
                "actions": [
                  "sts:AssumeRole"
                ],
                "condition": [],
                "effect": "Allow",
                "not_actions": [],
                "not_principals": [],
                "not_resources": [],
                "principals": [
                  {
                    "identifiers": [
                      "events.amazonaws.com"
                    ],
                    "type": "Service"
                  }
                ],
                "resources": [],
                "sid": ""
              }
            ],
            "version": "2012-10-17"
          }
        }
      ]
    },
    {
      "module": "module.ec2_for_ssm_role",
      "mode": "data",
      "type": "aws_iam_policy_document",
      "name": "assume_role",
      "provider": "provider.aws",
      "instances": [
        {
          "schema_version": 0,
          "attributes": {
            "id": "1903849331",
            "json": "{\n  \"Version\": \"2012-10-17\",\n  \"Statement\": [\n    {\n      \"Sid\": \"\",\n      \"Effect\": \"Allow\",\n      \"Action\": \"sts:AssumeRole\",\n      \"Principal\": {\n        \"Service\": \"ec2.amazonaws.com\"\n      }\n    }\n  ]\n}",
            "override_json": null,
            "policy_id": null,
            "source_json": null,
            "statement": [
              {
                "actions": [
                  "sts:AssumeRole"
                ],
                "condition": [],
                "effect": "Allow",
                "not_actions": [],
                "not_principals": [],
                "not_resources": [],
                "principals": [
                  {
                    "identifiers": [
                      "ec2.amazonaws.com"
                    ],
                    "type": "Service"
                  }
                ],
                "resources": [],
                "sid": ""
              }
            ],
            "version": "2012-10-17"
          }
        }
      ]
    },
    {
      "module": "module.ecs_task_execution_role",
      "mode": "data",
      "type": "aws_iam_policy_document",
      "name": "assume_role",
      "provider": "provider.aws",
      "instances": [
        {
          "schema_version": 0,
          "attributes": {
            "id": "320642683",
            "json": "{\n  \"Version\": \"2012-10-17\",\n  \"Statement\": [\n    {\n      \"Sid\": \"\",\n      \"Effect\": \"Allow\",\n      \"Action\": \"sts:AssumeRole\",\n      \"Principal\": {\n        \"Service\": \"ecs-tasks.amazonaws.com\"\n      }\n    }\n  ]\n}",
            "override_json": null,
            "policy_id": null,
            "source_json": null,
            "statement": [
              {
                "actions": [
                  "sts:AssumeRole"
                ],
                "condition": [],
                "effect": "Allow",
                "not_actions": [],
                "not_principals": [],
                "not_resources": [],
                "principals": [
                  {
                    "identifiers": [
                      "ecs-tasks.amazonaws.com"
                    ],
                    "type": "Service"
                  }
                ],
                "resources": [],
                "sid": ""
              }
            ],
            "version": "2012-10-17"
          }
        }
      ]
    },
    {
      "mode": "data",
      "type": "aws_iam_policy_document",
      "name": "codebuild",
      "provider": "provider.aws",
      "instances": [
        {
          "schema_version": 0,
          "attributes": {
            "id": "139754280",
            "json": "{\n  \"Version\": \"2012-10-17\",\n  \"Statement\": [\n    {\n      \"Sid\": \"\",\n      \"Effect\": \"Allow\",\n      \"Action\": [\n        \"s3:PutObject\",\n        \"s3:GetObjectVersion\",\n        \"s3:GetObject\",\n        \"logs:PutLogEvents\",\n        \"logs:CreateLogStream\",\n        \"logs:CreateLogGroup\",\n        \"ecr:UploadLayerPart\",\n        \"ecr:PutImage\",\n        \"ecr:ListImages\",\n        \"ecr:InitiateLayerUpload\",\n        \"ecr:GetRepositoryPolicy\",\n        \"ecr:GetDownloadUrlForLayer\",\n        \"ecr:GetAuthorizationToken\",\n        \"ecr:DescribeRepositories\",\n        \"ecr:DescribeImages\",\n        \"ecr:CompleteLayerUpload\",\n        \"ecr:BatchGetImage\",\n        \"ecr:BatchCheckLayerAvailability\"\n      ],\n      \"Resource\": \"*\"\n    }\n  ]\n}",
            "override_json": null,
            "policy_id": null,
            "source_json": null,
            "statement": [
              {
                "actions": [
                  "ecr:BatchCheckLayerAvailability",
                  "ecr:BatchGetImage",
                  "ecr:CompleteLayerUpload",
                  "ecr:DescribeImages",
                  "ecr:DescribeRepositories",
                  "ecr:GetAuthorizationToken",
                  "ecr:GetDownloadUrlForLayer",
                  "ecr:GetRepositoryPolicy",
                  "ecr:InitiateLayerUpload",
                  "ecr:ListImages",
                  "ecr:PutImage",
                  "ecr:UploadLayerPart",
                  "logs:CreateLogGroup",
                  "logs:CreateLogStream",
                  "logs:PutLogEvents",
                  "s3:GetObject",
                  "s3:GetObjectVersion",
                  "s3:PutObject"
                ],
                "condition": [],
                "effect": "Allow",
                "not_actions": [],
                "not_principals": [],
                "not_resources": [],
                "principals": [],
                "resources": [
                  "*"
                ],
                "sid": ""
              }
            ],
            "version": "2012-10-17"
          }
        }
      ]
    },
    {
      "mode": "data",
      "type": "aws_iam_policy_document",
      "name": "codepipeline",
      "provider": "provider.aws",
      "instances": [
        {
          "schema_version": 0,
          "attributes": {
            "id": "180175112",
            "json": "{\n  \"Version\": \"2012-10-17\",\n  \"Statement\": [\n    {\n      \"Sid\": \"\",\n      \"Effect\": \"Allow\",\n      \"Action\": [\n        \"s3:PutObject\",\n        \"s3:GetObjectVersion\",\n        \"s3:GetObject\",\n        \"s3:GetBucketVersioning\",\n        \"iam:PassRole\",\n        \"ecs:UpdateService\",\n        \"ecs:RegisterTaskDefinition\",\n        \"ecs:ListTasks\",\n        \"ecs:DescribeTasks\",\n        \"ecs:DescribeTaskDefinition\",\n        \"ecs:DescribeServices\",\n        \"codebuild:StartBuild\",\n        \"codebuild:BatchGetBuilds\"\n      ],\n      \"Resource\": \"*\"\n    }\n  ]\n}",
            "override_json": null,
            "policy_id": null,
            "source_json": null,
            "statement": [
              {
                "actions": [
                  "codebuild:BatchGetBuilds",
                  "codebuild:StartBuild",
                  "ecs:DescribeServices",
                  "ecs:DescribeTaskDefinition",
                  "ecs:DescribeTasks",
                  "ecs:ListTasks",
                  "ecs:RegisterTaskDefinition",
                  "ecs:UpdateService",
                  "iam:PassRole",
                  "s3:GetBucketVersioning",
                  "s3:GetObject",
                  "s3:GetObjectVersion",
                  "s3:PutObject"
                ],
                "condition": [],
                "effect": "Allow",
                "not_actions": [],
                "not_principals": [],
                "not_resources": [],
                "principals": [],
                "resources": [
                  "*"
                ],
                "sid": ""
              }
            ],
            "version": "2012-10-17"
          }
        }
      ]
    },
    {
      "mode": "data",
      "type": "aws_iam_policy_document",
      "name": "ec2_for_ssm",
      "provider": "provider.aws",
      "instances": [
        {
          "schema_version": 0,
          "attributes": {
            "id": "1440199658",
            "json": "{\n  \"Version\": \"2012-10-17\",\n  \"Statement\": [\n    {\n      \"Sid\": \"\",\n      \"Effect\": \"Allow\",\n      \"Action\": [\n        \"ssm:DescribeAssociation\",\n        \"ssm:GetDeployablePatchSnapshotForInstance\",\n        \"ssm:GetDocument\",\n        \"ssm:DescribeDocument\",\n        \"ssm:GetManifest\",\n        \"ssm:GetParameter\",\n        \"ssm:GetParameters\",\n        \"ssm:ListAssociations\",\n        \"ssm:ListInstanceAssociations\",\n        \"ssm:PutInventory\",\n        \"ssm:PutComplianceItems\",\n        \"ssm:PutConfigurePackageResult\",\n        \"ssm:UpdateAssociationStatus\",\n        \"ssm:UpdateInstanceAssociationStatus\",\n        \"ssm:UpdateInstanceInformation\"\n      ],\n      \"Resource\": \"*\"\n    },\n    {\n      \"Sid\": \"\",\n      \"Effect\": \"Allow\",\n      \"Action\": [\n        \"ssmmessages:CreateControlChannel\",\n        \"ssmmessages:CreateDataChannel\",\n        \"ssmmessages:OpenControlChannel\",\n        \"ssmmessages:OpenDataChannel\"\n      ],\n      \"Resource\": \"*\"\n    },\n    {\n      \"Sid\": \"\",\n      \"Effect\": \"Allow\",\n      \"Action\": [\n        \"ec2messages:AcknowledgeMessage\",\n        \"ec2messages:DeleteMessage\",\n        \"ec2messages:FailMessage\",\n        \"ec2messages:GetEndpoint\",\n        \"ec2messages:GetMessages\",\n        \"ec2messages:SendReply\"\n      ],\n      \"Resource\": \"*\"\n    },\n    {\n      \"Sid\": \"\",\n      \"Effect\": \"Allow\",\n      \"Action\": [\n        \"ssm:GetParametersByPath\",\n        \"ssm:GetParameters\",\n        \"ssm:GetParameter\",\n        \"s3:PutObject\",\n        \"logs:PutLogEvents\",\n        \"logs:CreateLogStream\",\n        \"kms:Decrypt\",\n        \"ecr:GetDownloadUrlForLayer\",\n        \"ecr:GetAuthorizationToken\",\n        \"ecr:BatchGetImage\",\n        \"ecr:BatchCheckLayerAvailability\"\n      ],\n      \"Resource\": \"*\"\n    }\n  ]\n}",
            "override_json": null,
            "policy_id": null,
            "source_json": "{\n    \"Version\": \"2012-10-17\",\n    \"Statement\": [\n        {\n            \"Effect\": \"Allow\",\n            \"Action\": [\n                \"ssm:DescribeAssociation\",\n                \"ssm:GetDeployablePatchSnapshotForInstance\",\n                \"ssm:GetDocument\",\n                \"ssm:DescribeDocument\",\n                \"ssm:GetManifest\",\n                \"ssm:GetParameter\",\n                \"ssm:GetParameters\",\n                \"ssm:ListAssociations\",\n                \"ssm:ListInstanceAssociations\",\n                \"ssm:PutInventory\",\n                \"ssm:PutComplianceItems\",\n                \"ssm:PutConfigurePackageResult\",\n                \"ssm:UpdateAssociationStatus\",\n                \"ssm:UpdateInstanceAssociationStatus\",\n                \"ssm:UpdateInstanceInformation\"\n            ],\n            \"Resource\": \"*\"\n        },\n        {\n            \"Effect\": \"Allow\",\n            \"Action\": [\n                \"ssmmessages:CreateControlChannel\",\n                \"ssmmessages:CreateDataChannel\",\n                \"ssmmessages:OpenControlChannel\",\n                \"ssmmessages:OpenDataChannel\"\n            ],\n            \"Resource\": \"*\"\n        },\n        {\n            \"Effect\": \"Allow\",\n            \"Action\": [\n                \"ec2messages:AcknowledgeMessage\",\n                \"ec2messages:DeleteMessage\",\n                \"ec2messages:FailMessage\",\n                \"ec2messages:GetEndpoint\",\n                \"ec2messages:GetMessages\",\n                \"ec2messages:SendReply\"\n            ],\n            \"Resource\": \"*\"\n        }\n    ]\n}",
            "statement": [
              {
                "actions": [
                  "ecr:BatchCheckLayerAvailability",
                  "ecr:BatchGetImage",
                  "ecr:GetAuthorizationToken",
                  "ecr:GetDownloadUrlForLayer",
                  "kms:Decrypt",
                  "logs:CreateLogStream",
                  "logs:PutLogEvents",
                  "s3:PutObject",
                  "ssm:GetParameter",
                  "ssm:GetParameters",
                  "ssm:GetParametersByPath"
                ],
                "condition": [],
                "effect": "Allow",
                "not_actions": [],
                "not_principals": [],
                "not_resources": [],
                "principals": [],
                "resources": [
                  "*"
                ],
                "sid": ""
              }
            ],
            "version": "2012-10-17"
          }
        }
      ]
    },
    {
      "mode": "data",
      "type": "aws_iam_policy_document",
      "name": "ecs_task_execution",
      "provider": "provider.aws",
      "instances": [
        {
          "schema_version": 0,
          "attributes": {
            "id": "741314529",
            "json": "{\n  \"Version\": \"2012-10-17\",\n  \"Statement\": [\n    {\n      \"Sid\": \"\",\n      \"Effect\": \"Allow\",\n      \"Action\": [\n        \"ecr:GetAuthorizationToken\",\n        \"ecr:BatchCheckLayerAvailability\",\n        \"ecr:GetDownloadUrlForLayer\",\n        \"ecr:BatchGetImage\",\n        \"logs:CreateLogStream\",\n        \"logs:PutLogEvents\"\n      ],\n      \"Resource\": \"*\"\n    },\n    {\n      \"Sid\": \"\",\n      \"Effect\": \"Allow\",\n      \"Action\": [\n        \"ssm:GetParameters\",\n        \"kms:Decrypt\"\n      ],\n      \"Resource\": \"*\"\n    }\n  ]\n}",
            "override_json": null,
            "policy_id": null,
            "source_json": "{\n  \"Version\": \"2012-10-17\",\n  \"Statement\": [\n    {\n      \"Effect\": \"Allow\",\n      \"Action\": [\n        \"ecr:GetAuthorizationToken\",\n        \"ecr:BatchCheckLayerAvailability\",\n        \"ecr:GetDownloadUrlForLayer\",\n        \"ecr:BatchGetImage\",\n        \"logs:CreateLogStream\",\n        \"logs:PutLogEvents\"\n      ],\n      \"Resource\": \"*\"\n    }\n  ]\n}",
            "statement": [
              {
                "actions": [
                  "kms:Decrypt",
                  "ssm:GetParameters"
                ],
                "condition": [],
                "effect": "Allow",
                "not_actions": [],
                "not_principals": [],
                "not_resources": [],
                "principals": [],
                "resources": [
                  "*"
                ],
                "sid": ""
              }
            ],
            "version": "2012-10-17"
          }
        }
      ]
    },
    {
      "mode": "data",
      "type": "aws_route53_zone",
      "name": "rails-form-training",
      "provider": "provider.aws",
      "instances": [
        {
          "schema_version": 0,
          "attributes": {
            "caller_reference": "RISWorkflow-RD:e0f7dff4-81fb-483b-88da-ac79e4f48a61",
            "comment": "HostedZone created by Route53 Registrar",
            "id": "Z066014713MHE9A4TUXT9",
            "linked_service_description": null,
            "linked_service_principal": null,
            "name": "matsushin11.net.",
            "name_servers": [
              "ns-79.awsdns-09.com",
              "ns-732.awsdns-27.net",
              "ns-1027.awsdns-00.org",
              "ns-1793.awsdns-32.co.uk"
            ],
            "private_zone": false,
            "resource_record_set_count": 4,
            "tags": {},
            "vpc_id": null,
            "zone_id": "Z066014713MHE9A4TUXT9"
          }
        }
      ]
    },
    {
      "mode": "managed",
      "type": "aws_acm_certificate",
      "name": "rails-form-training",
      "provider": "provider.aws",
      "instances": [
        {
          "schema_version": 0,
          "attributes": {
            "arn": "arn:aws:acm:ap-northeast-1:477438465448:certificate/a0994389-8ea5-4e03-9fa9-6e5ea536b150",
            "certificate_authority_arn": "",
            "certificate_body": null,
            "certificate_chain": null,
            "domain_name": "matsushin11.net",
            "domain_validation_options": [
              {
                "domain_name": "matsushin11.net",
                "resource_record_name": "_49eaa40e5cc914396c9bca449d2bffa9.matsushin11.net.",
                "resource_record_type": "CNAME",
                "resource_record_value": "_2f57ff57b6d8352ef30adddf2f3dda87.auiqqraehs.acm-validations.aws."
              }
            ],
            "id": "arn:aws:acm:ap-northeast-1:477438465448:certificate/a0994389-8ea5-4e03-9fa9-6e5ea536b150",
            "options": [
              {
                "certificate_transparency_logging_preference": "ENABLED"
              }
            ],
            "private_key": null,
            "subject_alternative_names": [],
            "tags": {},
            "validation_emails": [],
            "validation_method": "DNS"
          },
          "private": "bnVsbA==",
          "dependencies": [
            "aws_lb.rails-form-training",
            "aws_route53_record.rails-form-training",
            "aws_s3_bucket.alb_log",
            "aws_subnet.public_0",
            "aws_subnet.public_1",
            "aws_vpc.rails-form-training",
            "module.http_redirect_sg.aws_security_group.default",
            "module.http_sg.aws_security_group.default",
            "module.https_sg.aws_security_group.default"
          ]
        }
      ]
    },
    {
      "mode": "managed",
      "type": "aws_acm_certificate_validation",
      "name": "rails-form-training",
      "provider": "provider.aws",
      "instances": [
        {
          "schema_version": 0,
          "attributes": {
            "certificate_arn": "arn:aws:acm:ap-northeast-1:477438465448:certificate/a0994389-8ea5-4e03-9fa9-6e5ea536b150",
            "id": "2020-05-09 14:12:10 +0000 UTC",
            "timeouts": null,
            "validation_record_fqdns": [
              "_49eaa40e5cc914396c9bca449d2bffa9.matsushin11.net"
            ]
          },
          "private": "eyJlMmJmYjczMC1lY2FhLTExZTYtOGY4OC0zNDM2M2JjN2M0YzAiOnsiY3JlYXRlIjoyNzAwMDAwMDAwMDAwfX0=",
          "dependencies": [
            "aws_acm_certificate.rails-form-training",
            "aws_lb.rails-form-training",
            "aws_route53_record.rails-form-training",
            "aws_route53_record.rails-form-training_certificate",
            "aws_s3_bucket.alb_log",
            "aws_subnet.public_0",
            "aws_subnet.public_1",
            "aws_vpc.rails-form-training",
            "module.http_redirect_sg.aws_security_group.default",
            "module.http_sg.aws_security_group.default",
            "module.https_sg.aws_security_group.default"
          ]
        }
      ]
    },
    {
      "mode": "managed",
      "type": "aws_cloudwatch_event_rule",
      "name": "rails-form-training_batch",
      "provider": "provider.aws",
      "instances": [
        {
          "schema_version": 0,
          "attributes": {
            "arn": "arn:aws:events:ap-northeast-1:477438465448:rule/rails-form-training-batch",
            "description": "とても重要なバッチ処理です",
            "event_pattern": null,
            "id": "rails-form-training-batch",
            "is_enabled": true,
            "name": "rails-form-training-batch",
            "name_prefix": null,
            "role_arn": "",
            "schedule_expression": "cron(*/2 * * * ? *)",
            "tags": {}
          },
          "private": "bnVsbA=="
        }
      ]
    },
    {
      "mode": "managed",
      "type": "aws_cloudwatch_event_target",
      "name": "rails-form-training_batch",
      "provider": "provider.aws",
      "instances": [
        {
          "schema_version": 0,
          "attributes": {
            "arn": "arn:aws:ecs:ap-northeast-1:477438465448:cluster/rails-form-training",
            "batch_target": [],
            "ecs_target": [
              {
                "group": "",
                "launch_type": "FARGATE",
                "network_configuration": [
                  {
                    "assign_public_ip": false,
                    "security_groups": [],
                    "subnets": [
                      "subnet-06df59012ed54a68b"
                    ]
                  }
                ],
                "platform_version": "1.3.0",
                "task_count": 1,
                "task_definition_arn": "arn:aws:ecs:ap-northeast-1:477438465448:task-definition/rails-form-training-batch:2"
              }
            ],
            "id": "rails-form-training-batch-rails-form-training-batch",
            "input": "",
            "input_path": "",
            "input_transformer": [],
            "kinesis_target": [],
            "role_arn": "arn:aws:iam::477438465448:role/ecs-events",
            "rule": "rails-form-training-batch",
            "run_command_targets": [],
            "sqs_target": [],
            "target_id": "rails-form-training-batch"
          },
          "private": "bnVsbA==",
          "dependencies": [
            "aws_cloudwatch_event_rule.rails-form-training_batch",
            "aws_ecs_cluster.rails-form-training",
            "aws_ecs_task_definition.rails-form-training_batch",
            "aws_subnet.private_0",
            "aws_vpc.rails-form-training",
            "module.ecs_events_role.aws_iam_role.default"
          ]
        }
      ]
    },
    {
      "mode": "managed",
      "type": "aws_cloudwatch_log_group",
      "name": "for_ecs",
      "provider": "provider.aws",
      "instances": [
        {
          "schema_version": 0,
          "attributes": {
            "arn": "arn:aws:logs:ap-northeast-1:477438465448:log-group:/ecs/rails-form-training:*",
            "id": "/ecs/rails-form-training",
            "kms_key_id": "",
            "name": "/ecs/rails-form-training",
            "name_prefix": null,
            "retention_in_days": 180,
            "tags": {}
          },
          "private": "bnVsbA=="
        }
      ]
    },
    {
      "mode": "managed",
      "type": "aws_cloudwatch_log_group",
      "name": "for_ecs_scheduled_tasks",
      "provider": "provider.aws",
      "instances": [
        {
          "schema_version": 0,
          "attributes": {
            "arn": "arn:aws:logs:ap-northeast-1:477438465448:log-group:/ecs-scheduled-tasks/rails-form-training:*",
            "id": "/ecs-scheduled-tasks/rails-form-training",
            "kms_key_id": "",
            "name": "/ecs-scheduled-tasks/rails-form-training",
            "name_prefix": null,
            "retention_in_days": 180,
            "tags": {}
          },
          "private": "bnVsbA=="
        }
      ]
    },
    {
      "mode": "managed",
      "type": "aws_cloudwatch_log_group",
      "name": "operation",
      "provider": "provider.aws",
      "instances": [
        {
          "schema_version": 0,
          "attributes": {
            "arn": "arn:aws:logs:ap-northeast-1:477438465448:log-group:/operation:*",
            "id": "/operation",
            "kms_key_id": "",
            "name": "/operation",
            "name_prefix": null,
            "retention_in_days": 180,
            "tags": {}
          },
          "private": "bnVsbA=="
        }
      ]
    },
    {
      "mode": "managed",
      "type": "aws_codebuild_project",
      "name": "rails-form-training",
      "provider": "provider.aws",
      "instances": [
        {
          "schema_version": 0,
          "attributes": {
            "arn": "arn:aws:codebuild:ap-northeast-1:477438465448:project/rails-form-training",
            "artifacts": [
              {
                "artifact_identifier": "",
                "encryption_disabled": false,
                "location": "",
                "name": "rails-form-training",
                "namespace_type": "",
                "override_artifact_name": false,
                "packaging": "NONE",
                "path": "",
                "type": "CODEPIPELINE"
              }
            ],
            "badge_enabled": false,
            "badge_url": "",
            "build_timeout": 60,
            "cache": [
              {
                "location": "",
                "modes": [],
                "type": "NO_CACHE"
              }
            ],
            "description": "",
            "encryption_key": "arn:aws:kms:ap-northeast-1:477438465448:alias/aws/s3",
            "environment": [
              {
                "certificate": "",
                "compute_type": "BUILD_GENERAL1_SMALL",
                "environment_variable": [],
                "image": "aws/codebuild/standard:2.0",
                "image_pull_credentials_type": "CODEBUILD",
                "privileged_mode": true,
                "registry_credential": [],
                "type": "LINUX_CONTAINER"
              }
            ],
            "id": "arn:aws:codebuild:ap-northeast-1:477438465448:project/rails-form-training",
            "logs_config": [
              {
                "cloudwatch_logs": [
                  {
                    "group_name": "",
                    "status": "ENABLED",
                    "stream_name": ""
                  }
                ],
                "s3_logs": [
                  {
                    "encryption_disabled": false,
                    "location": "",
                    "status": "DISABLED"
                  }
                ]
              }
            ],
            "name": "rails-form-training",
            "queued_timeout": 480,
            "secondary_artifacts": [],
            "secondary_sources": [],
            "service_role": "arn:aws:iam::477438465448:role/codebuild",
            "source": [
              {
                "auth": [],
                "buildspec": "",
                "git_clone_depth": 0,
                "git_submodules_config": [],
                "insecure_ssl": false,
                "location": "",
                "report_build_status": false,
                "type": "CODEPIPELINE"
              }
            ],
            "source_version": "",
            "tags": {},
            "vpc_config": []
          },
          "private": "bnVsbA==",
          "dependencies": [
            "module.codebuild_role.aws_iam_role.default"
          ]
        }
      ]
    },
    {
      "mode": "managed",
      "type": "aws_codepipeline",
      "name": "rails-form-training",
      "provider": "provider.aws",
      "instances": [
        {
          "schema_version": 0,
          "attributes": {
            "arn": "arn:aws:codepipeline:ap-northeast-1:477438465448:rails-form-training",
            "artifact_store": [
              {
                "encryption_key": [],
                "location": "artifact-rails-form-training",
                "region": "",
                "type": "S3"
              }
            ],
            "id": "rails-form-training",
            "name": "rails-form-training",
            "role_arn": "arn:aws:iam::477438465448:role/codepipeline",
            "stage": [
              {
                "action": [
                  {
                    "category": "Source",
                    "configuration": {
                      "Branch": "test-terraform",
                      "Owner": "medakarb",
                      "PollForSourceChanges": "false",
                      "Repo": "rails-form-training"
                    },
                    "input_artifacts": [],
                    "name": "Source",
                    "namespace": "",
                    "output_artifacts": [
                      "Source"
                    ],
                    "owner": "ThirdParty",
                    "provider": "GitHub",
                    "region": "",
                    "role_arn": "",
                    "run_order": 1,
                    "version": "1"
                  }
                ],
                "name": "Source"
              },
              {
                "action": [
                  {
                    "category": "Build",
                    "configuration": {
                      "ProjectName": "arn:aws:codebuild:ap-northeast-1:477438465448:project/rails-form-training"
                    },
                    "input_artifacts": [
                      "Source"
                    ],
                    "name": "Build",
                    "namespace": "",
                    "output_artifacts": [
                      "Build"
                    ],
                    "owner": "AWS",
                    "provider": "CodeBuild",
                    "region": "",
                    "role_arn": "",
                    "run_order": 1,
                    "version": "1"
                  }
                ],
                "name": "Build"
              },
              {
                "action": [
                  {
                    "category": "Deploy",
                    "configuration": {
                      "ClusterName": "rails-form-training",
                      "FileName": "imagedefinitions.json",
                      "ServiceName": "rails-form-training"
                    },
                    "input_artifacts": [
                      "Build"
                    ],
                    "name": "Deploy",
                    "namespace": "",
                    "output_artifacts": [],
                    "owner": "AWS",
                    "provider": "ECS",
                    "region": "",
                    "role_arn": "",
                    "run_order": 1,
                    "version": "1"
                  }
                ],
                "name": "Deploy"
              }
            ],
            "tags": {}
          },
          "private": "bnVsbA==",
          "dependencies": [
            "aws_codebuild_project.rails-form-training",
            "aws_ecs_cluster.rails-form-training",
            "aws_s3_bucket.artifact",
            "module.codebuild_role.aws_iam_role.default",
            "module.codepipeline_role.aws_iam_role.default"
          ]
        }
      ]
    },
    {
      "mode": "managed",
      "type": "aws_codepipeline_webhook",
      "name": "rails-form-training",
      "provider": "provider.aws",
      "instances": [
        {
          "schema_version": 0,
          "attributes": {
            "authentication": "GITHUB_HMAC",
            "authentication_configuration": [
              {
                "allowed_ip_range": "",
                "secret_token": "VeryRandomStringMoreThan20Byte!"
              }
            ],
            "filter": [
              {
                "json_path": "$.ref",
                "match_equals": "refs/heads/{Branch}"
              }
            ],
            "id": "arn:aws:codepipeline:ap-northeast-1:477438465448:webhook:rails-form-training",
            "name": "rails-form-training",
            "tags": {},
            "target_action": "Source",
            "target_pipeline": "rails-form-training",
            "url": "https://ap-northeast-1.webhooks.aws/trigger?t=eyJlbmNyeXB0ZWREYXRhIjoiczM2eHB1b0NjOWFlRzRidngzZlBYZ3pxUmNaVmQyYnNoVnBSdllQTGl5b0RaSGd1VTRNWVVxZmRzSHJESjdoZytTM21VNnpnbEpkblpmNE50aEVhcUtUa3dyOGxoTGlIWFdkaElyM3VJRTJ0SG1RQmtybGcrVVpTT1lPdXFFUm4wZTBDY1BBSXQ5OVU1YTlqTThZOFpxazBnSnE1enhrVlU1Tk9WeUl3Z2VBUFNRPT0iLCJpdlBhcmFtZXRlclNwZWMiOiJCNERpYVNpZDR3eWdQMHRiIiwibWF0ZXJpYWxTZXRTZXJpYWwiOjF9\u0026v=1"
          },
          "private": "bnVsbA==",
          "dependencies": [
            "aws_codebuild_project.rails-form-training",
            "aws_codepipeline.rails-form-training",
            "aws_ecs_cluster.rails-form-training",
            "aws_s3_bucket.artifact",
            "module.codebuild_role.aws_iam_role.default",
            "module.codepipeline_role.aws_iam_role.default"
          ]
        }
      ]
    },
    {
      "mode": "managed",
      "type": "aws_db_instance",
      "name": "rails-form-training",
      "provider": "provider.aws",
      "instances": [
        {
          "schema_version": 1,
          "attributes": {
            "address": "rails-form-training.cpocedmkgr9g.ap-northeast-1.rds.amazonaws.com",
            "allocated_storage": 20,
            "allow_major_version_upgrade": null,
            "apply_immediately": false,
            "arn": "arn:aws:rds:ap-northeast-1:477438465448:db:rails-form-training",
            "auto_minor_version_upgrade": false,
            "availability_zone": "ap-northeast-1c",
            "backup_retention_period": 30,
            "backup_window": "16:25-16:55",
            "ca_cert_identifier": "rds-ca-2019",
            "character_set_name": null,
            "copy_tags_to_snapshot": false,
            "db_subnet_group_name": "rails-form-training",
            "delete_automated_backups": true,
            "deletion_protection": false,
            "domain": "",
            "domain_iam_role_name": "",
            "enabled_cloudwatch_logs_exports": null,
            "endpoint": "rails-form-training.cpocedmkgr9g.ap-northeast-1.rds.amazonaws.com:3306",
            "engine": "mysql",
            "engine_version": "5.7.25",
            "final_snapshot_identifier": null,
            "hosted_zone_id": "Z24O6O9L7SGTNB",
            "iam_database_authentication_enabled": false,
            "id": "rails-form-training",
            "identifier": "rails-form-training",
            "identifier_prefix": null,
            "instance_class": "db.t3.small",
            "iops": 0,
            "kms_key_id": "arn:aws:kms:ap-northeast-1:477438465448:key/3145c5d3-b04c-4bc5-952b-2e9e55185fb7",
            "license_model": "general-public-license",
            "maintenance_window": "mon:10:10-mon:10:40",
            "max_allocated_storage": 100,
            "monitoring_interval": 0,
            "monitoring_role_arn": "",
            "multi_az": true,
            "name": "",
            "option_group_name": "rails-form-training",
            "parameter_group_name": "rails-form-training",
            "password": "VeryStrongPassword!",
            "performance_insights_enabled": false,
            "performance_insights_kms_key_id": "",
            "performance_insights_retention_period": 0,
            "port": 3306,
            "publicly_accessible": false,
            "replicas": [],
            "replicate_source_db": "",
            "resource_id": "db-PFXK4T24MX44AIAG34MJPS2YNA",
            "s3_import": [],
            "security_group_names": null,
            "skip_final_snapshot": false,
            "snapshot_identifier": null,
            "status": "available",
            "storage_encrypted": true,
            "storage_type": "gp2",
            "tags": null,
            "timeouts": null,
            "timezone": "",
            "username": "admin",
            "vpc_security_group_ids": [
              "sg-054d9c99cba065c3f"
            ]
          },
          "private": "eyJlMmJmYjczMC1lY2FhLTExZTYtOGY4OC0zNDM2M2JjN2M0YzAiOnsiY3JlYXRlIjoyNDAwMDAwMDAwMDAwLCJkZWxldGUiOjI0MDAwMDAwMDAwMDAsInVwZGF0ZSI6NDgwMDAwMDAwMDAwMH0sInNjaGVtYV92ZXJzaW9uIjoiMSJ9",
          "dependencies": [
            "aws_db_option_group.rails-form-training",
            "aws_db_parameter_group.rails-form-training",
            "aws_db_subnet_group.rails-form-training",
            "aws_kms_key.rails-form-training",
            "module.mysql_sg.aws_security_group.default"
          ]
        }
      ]
    },
    {
      "mode": "managed",
      "type": "aws_db_option_group",
      "name": "rails-form-training",
      "provider": "provider.aws",
      "instances": [
        {
          "schema_version": 0,
          "attributes": {
            "arn": "arn:aws:rds:ap-northeast-1:477438465448:og:rails-form-training",
            "engine_name": "mysql",
            "id": "rails-form-training",
            "major_engine_version": "5.7",
            "name": "rails-form-training",
            "name_prefix": null,
            "option": [
              {
                "db_security_group_memberships": [],
                "option_name": "MARIADB_AUDIT_PLUGIN",
                "option_settings": [],
                "port": 0,
                "version": "",
                "vpc_security_group_memberships": []
              }
            ],
            "option_group_description": "Managed by Terraform",
            "tags": {},
            "timeouts": null
          },
          "private": "eyJlMmJmYjczMC1lY2FhLTExZTYtOGY4OC0zNDM2M2JjN2M0YzAiOnsiZGVsZXRlIjo5MDAwMDAwMDAwMDB9fQ=="
        }
      ]
    },
    {
      "mode": "managed",
      "type": "aws_db_parameter_group",
      "name": "rails-form-training",
      "provider": "provider.aws",
      "instances": [
        {
          "schema_version": 0,
          "attributes": {
            "arn": "arn:aws:rds:ap-northeast-1:477438465448:pg:rails-form-training",
            "description": "Managed by Terraform",
            "family": "mysql5.7",
            "id": "rails-form-training",
            "name": "rails-form-training",
            "name_prefix": null,
            "parameter": [
              {
                "apply_method": "immediate",
                "name": "character_set_database",
                "value": "utf8mb4"
              },
              {
                "apply_method": "immediate",
                "name": "character_set_server",
                "value": "utf8mb4"
              }
            ],
            "tags": {}
          },
          "private": "bnVsbA=="
        }
      ]
    },
    {
      "mode": "managed",
      "type": "aws_db_subnet_group",
      "name": "rails-form-training",
      "provider": "provider.aws",
      "instances": [
        {
          "schema_version": 0,
          "attributes": {
            "arn": "arn:aws:rds:ap-northeast-1:477438465448:subgrp:rails-form-training",
            "description": "Managed by Terraform",
            "id": "rails-form-training",
            "name": "rails-form-training",
            "name_prefix": null,
            "subnet_ids": [
              "subnet-06df59012ed54a68b",
              "subnet-0f787e43dc28218ef"
            ],
            "tags": {}
          },
          "private": "bnVsbA==",
          "dependencies": [
            "aws_subnet.private_0",
            "aws_subnet.private_1",
            "aws_vpc.rails-form-training"
          ]
        }
      ]
    },
    {
      "mode": "managed",
      "type": "aws_ecr_lifecycle_policy",
      "name": "rails-form-training",
      "provider": "provider.aws",
      "instances": [
        {
          "schema_version": 0,
          "attributes": {
            "id": "rails-form-training",
            "policy": "{\"rules\":[{\"rulePriority\":1,\"description\":\"Keep last 30 release tagged images\",\"selection\":{\"tagStatus\":\"tagged\",\"tagPrefixList\":[\"release\"],\"countType\":\"imageCountMoreThan\",\"countNumber\":30},\"action\":{\"type\":\"expire\"}}]}",
            "registry_id": "477438465448",
            "repository": "rails-form-training"
          },
          "private": "bnVsbA==",
          "dependencies": [
            "aws_ecr_repository.rails-form-training"
          ]
        }
      ]
    },
    {
      "mode": "managed",
      "type": "aws_ecr_repository",
      "name": "rails-form-training",
      "provider": "provider.aws",
      "instances": [
        {
          "schema_version": 0,
          "attributes": {
            "arn": "arn:aws:ecr:ap-northeast-1:477438465448:repository/rails-form-training",
            "id": "rails-form-training",
            "image_scanning_configuration": [
              {
                "scan_on_push": false
              }
            ],
            "image_tag_mutability": "MUTABLE",
            "name": "rails-form-training",
            "registry_id": "477438465448",
            "repository_url": "477438465448.dkr.ecr.ap-northeast-1.amazonaws.com/rails-form-training",
            "tags": {},
            "timeouts": null
          },
          "private": "eyJlMmJmYjczMC1lY2FhLTExZTYtOGY4OC0zNDM2M2JjN2M0YzAiOnsiZGVsZXRlIjoxMjAwMDAwMDAwMDAwfX0="
        }
      ]
    },
    {
      "mode": "managed",
      "type": "aws_ecs_cluster",
      "name": "rails-form-training",
      "provider": "provider.aws",
      "instances": [
        {
          "schema_version": 0,
          "attributes": {
            "arn": "arn:aws:ecs:ap-northeast-1:477438465448:cluster/rails-form-training",
            "capacity_providers": [],
            "default_capacity_provider_strategy": [],
            "id": "arn:aws:ecs:ap-northeast-1:477438465448:cluster/rails-form-training",
            "name": "rails-form-training",
            "setting": [
              {
                "name": "containerInsights",
                "value": "disabled"
              }
            ],
            "tags": {}
          },
          "private": "bnVsbA=="
        }
      ]
    },
    {
      "mode": "managed",
      "type": "aws_ecs_service",
      "name": "rails-form-training",
      "provider": "provider.aws",
      "instances": [
        {
          "schema_version": 0,
          "attributes": {
            "capacity_provider_strategy": [],
            "cluster": "arn:aws:ecs:ap-northeast-1:477438465448:cluster/rails-form-training",
            "deployment_controller": [
              {
                "type": "ECS"
              }
            ],
            "deployment_maximum_percent": 200,
            "deployment_minimum_healthy_percent": 100,
            "desired_count": 2,
            "enable_ecs_managed_tags": false,
            "health_check_grace_period_seconds": 60,
            "iam_role": "aws-service-role",
            "id": "arn:aws:ecs:ap-northeast-1:477438465448:service/rails-form-training",
            "launch_type": "FARGATE",
            "load_balancer": [
              {
                "container_name": "rails-form-training",
                "container_port": 80,
                "elb_name": "",
                "target_group_arn": "arn:aws:elasticloadbalancing:ap-northeast-1:477438465448:targetgroup/rails-form-training/168131563d10fa50"
              }
            ],
            "name": "rails-form-training",
            "network_configuration": [
              {
                "assign_public_ip": false,
                "security_groups": [
                  "sg-0f18bb182a674616d"
                ],
                "subnets": [
                  "subnet-06df59012ed54a68b",
                  "subnet-0f787e43dc28218ef"
                ]
              }
            ],
            "ordered_placement_strategy": [],
            "placement_constraints": [],
            "placement_strategy": [],
            "platform_version": "1.3.0",
            "propagate_tags": "NONE",
            "scheduling_strategy": "REPLICA",
            "service_registries": [],
            "tags": {},
            "task_definition": "arn:aws:ecs:ap-northeast-1:477438465448:task-definition/rails-form-training:1"
          },
          "private": "bnVsbA==",
          "dependencies": [
            "aws_ecs_cluster.rails-form-training",
            "aws_ecs_task_definition.rails-form-training",
            "aws_lb_target_group.rails-form-training",
            "aws_subnet.private_0",
            "aws_subnet.private_1",
            "aws_vpc.rails-form-training",
            "module.nginx_sg.aws_security_group.default"
          ]
        }
      ]
    },
    {
      "mode": "managed",
      "type": "aws_ecs_task_definition",
      "name": "rails-form-training",
      "provider": "provider.aws",
      "instances": [
        {
          "schema_version": 1,
          "attributes": {
            "arn": "arn:aws:ecs:ap-northeast-1:477438465448:task-definition/rails-form-training:1",
            "container_definitions": "[{\"cpu\":0,\"environment\":[],\"essential\":true,\"image\":\"nginx:latest\",\"logConfiguration\":{\"logDriver\":\"awslogs\",\"options\":{\"awslogs-group\":\"/ecs/rails-form-training\",\"awslogs-region\":\"ap-northeast-1\",\"awslogs-stream-prefix\":\"nginx\"}},\"mountPoints\":[],\"name\":\"rails-form-training\",\"portMappings\":[{\"containerPort\":80,\"hostPort\":80,\"protocol\":\"tcp\"}],\"volumesFrom\":[]}]",
            "cpu": "256",
            "execution_role_arn": "arn:aws:iam::477438465448:role/ecs-task-execution",
            "family": "rails-form-training",
            "id": "rails-form-training",
            "inference_accelerator": [],
            "ipc_mode": "",
            "memory": "512",
            "network_mode": "awsvpc",
            "pid_mode": "",
            "placement_constraints": [],
            "proxy_configuration": [],
            "requires_compatibilities": [
              "FARGATE"
            ],
            "revision": 1,
            "tags": {},
            "task_role_arn": "",
            "volume": []
          },
          "private": "eyJzY2hlbWFfdmVyc2lvbiI6IjEifQ==",
          "dependencies": [
            "module.ecs_task_execution_role.aws_iam_role.default"
          ]
        }
      ]
    },
    {
      "mode": "managed",
      "type": "aws_ecs_task_definition",
      "name": "rails-form-training_batch",
      "provider": "provider.aws",
      "instances": [
        {
          "schema_version": 1,
          "attributes": {
            "arn": "arn:aws:ecs:ap-northeast-1:477438465448:task-definition/rails-form-training-batch:2",
            "container_definitions": "[{\"command\":[\"/usr/bin/env\"],\"cpu\":0,\"environment\":[],\"essential\":true,\"image\":\"alpine:latest\",\"logConfiguration\":{\"logDriver\":\"awslogs\",\"options\":{\"awslogs-group\":\"/ecs-scheduled-tasks/rails-form-training\",\"awslogs-region\":\"ap-northeast-1\",\"awslogs-stream-prefix\":\"batch\"}},\"mountPoints\":[],\"name\":\"alpine\",\"portMappings\":[],\"secrets\":[{\"name\":\"DB_USERNAME\",\"valueFrom\":\"/db/username\"},{\"name\":\"DB_PASSWORD\",\"valueFrom\":\"/db/password\"}],\"volumesFrom\":[]}]",
            "cpu": "256",
            "execution_role_arn": "arn:aws:iam::477438465448:role/ecs-task-execution",
            "family": "rails-form-training-batch",
            "id": "rails-form-training-batch",
            "inference_accelerator": [],
            "ipc_mode": "",
            "memory": "512",
            "network_mode": "awsvpc",
            "pid_mode": "",
            "placement_constraints": [],
            "proxy_configuration": [],
            "requires_compatibilities": [
              "FARGATE"
            ],
            "revision": 2,
            "tags": {},
            "task_role_arn": "",
            "volume": []
          },
          "private": "eyJzY2hlbWFfdmVyc2lvbiI6IjEifQ==",
          "dependencies": [
            "module.ecs_task_execution_role.aws_iam_role.default"
          ]
        }
      ]
    },
    {
      "mode": "managed",
      "type": "aws_eip",
      "name": "nat_gateway_0",
      "provider": "provider.aws",
      "instances": [
        {
          "schema_version": 0,
          "attributes": {
            "allocation_id": null,
            "associate_with_private_ip": null,
            "association_id": "eipassoc-00d80dbf03e0d8556",
            "customer_owned_ip": "",
            "customer_owned_ipv4_pool": "",
            "domain": "vpc",
            "id": "eipalloc-0e488ca5eba83a602",
            "instance": "",
            "network_interface": "eni-0084320caab9fed2c",
            "private_dns": "ip-10-0-1-59.ap-northeast-1.compute.internal",
            "private_ip": "10.0.1.59",
            "public_dns": "ec2-13-114-49-34.ap-northeast-1.compute.amazonaws.com",
            "public_ip": "13.114.49.34",
            "public_ipv4_pool": "amazon",
            "tags": {},
            "timeouts": null,
            "vpc": true
          },
          "private": "eyJlMmJmYjczMC1lY2FhLTExZTYtOGY4OC0zNDM2M2JjN2M0YzAiOnsiZGVsZXRlIjoxODAwMDAwMDAwMDAsInJlYWQiOjkwMDAwMDAwMDAwMCwidXBkYXRlIjozMDAwMDAwMDAwMDB9fQ==",
          "dependencies": [
            "aws_internet_gateway.rails-form-training",
            "aws_vpc.rails-form-training"
          ]
        }
      ]
    },
    {
      "mode": "managed",
      "type": "aws_eip",
      "name": "nat_gateway_1",
      "provider": "provider.aws",
      "instances": [
        {
          "schema_version": 0,
          "attributes": {
            "allocation_id": null,
            "associate_with_private_ip": null,
            "association_id": "eipassoc-0dfc1fdaaff9ec319",
            "customer_owned_ip": "",
            "customer_owned_ipv4_pool": "",
            "domain": "vpc",
            "id": "eipalloc-004173e8eff6260f9",
            "instance": "",
            "network_interface": "eni-08fd327d479c9cb87",
            "private_dns": "ip-10-0-2-112.ap-northeast-1.compute.internal",
            "private_ip": "10.0.2.112",
            "public_dns": "ec2-18-180-235-164.ap-northeast-1.compute.amazonaws.com",
            "public_ip": "18.180.235.164",
            "public_ipv4_pool": "amazon",
            "tags": {},
            "timeouts": null,
            "vpc": true
          },
          "private": "eyJlMmJmYjczMC1lY2FhLTExZTYtOGY4OC0zNDM2M2JjN2M0YzAiOnsiZGVsZXRlIjoxODAwMDAwMDAwMDAsInJlYWQiOjkwMDAwMDAwMDAwMCwidXBkYXRlIjozMDAwMDAwMDAwMDB9fQ==",
          "dependencies": [
            "aws_internet_gateway.rails-form-training",
            "aws_vpc.rails-form-training"
          ]
        }
      ]
    },
    {
      "mode": "managed",
      "type": "aws_iam_instance_profile",
      "name": "ec2_for_ssm",
      "provider": "provider.aws",
      "instances": [
        {
          "schema_version": 0,
          "attributes": {
            "arn": "arn:aws:iam::477438465448:instance-profile/ec2-for-ssm",
            "create_date": "2020-05-10T01:55:39Z",
            "id": "ec2-for-ssm",
            "name": "ec2-for-ssm",
            "name_prefix": null,
            "path": "/",
            "role": "ec2-for-ssm",
            "roles": [
              "ec2-for-ssm"
            ],
            "unique_id": "AIPAW6KMM2WUBFDUGYBCW"
          },
          "private": "bnVsbA==",
          "dependencies": [
            "module.ec2_for_ssm_role.aws_iam_role.default"
          ]
        }
      ]
    },
    {
      "module": "module.codebuild_role",
      "mode": "managed",
      "type": "aws_iam_policy",
      "name": "default",
      "provider": "provider.aws",
      "instances": [
        {
          "schema_version": 0,
          "attributes": {
            "arn": "arn:aws:iam::477438465448:policy/codebuild",
            "description": "",
            "id": "arn:aws:iam::477438465448:policy/codebuild",
            "name": "codebuild",
            "name_prefix": null,
            "path": "/",
            "policy": "{\n  \"Version\": \"2012-10-17\",\n  \"Statement\": [\n    {\n      \"Sid\": \"\",\n      \"Effect\": \"Allow\",\n      \"Action\": [\n        \"s3:PutObject\",\n        \"s3:GetObjectVersion\",\n        \"s3:GetObject\",\n        \"logs:PutLogEvents\",\n        \"logs:CreateLogStream\",\n        \"logs:CreateLogGroup\",\n        \"ecr:UploadLayerPart\",\n        \"ecr:PutImage\",\n        \"ecr:ListImages\",\n        \"ecr:InitiateLayerUpload\",\n        \"ecr:GetRepositoryPolicy\",\n        \"ecr:GetDownloadUrlForLayer\",\n        \"ecr:GetAuthorizationToken\",\n        \"ecr:DescribeRepositories\",\n        \"ecr:DescribeImages\",\n        \"ecr:CompleteLayerUpload\",\n        \"ecr:BatchGetImage\",\n        \"ecr:BatchCheckLayerAvailability\"\n      ],\n      \"Resource\": \"*\"\n    }\n  ]\n}"
          },
          "private": "bnVsbA=="
        }
      ]
    },
    {
      "module": "module.codepipeline_role",
      "mode": "managed",
      "type": "aws_iam_policy",
      "name": "default",
      "provider": "provider.aws",
      "instances": [
        {
          "schema_version": 0,
          "attributes": {
            "arn": "arn:aws:iam::477438465448:policy/codepipeline",
            "description": "",
            "id": "arn:aws:iam::477438465448:policy/codepipeline",
            "name": "codepipeline",
            "name_prefix": null,
            "path": "/",
            "policy": "{\n  \"Version\": \"2012-10-17\",\n  \"Statement\": [\n    {\n      \"Sid\": \"\",\n      \"Effect\": \"Allow\",\n      \"Action\": [\n        \"s3:PutObject\",\n        \"s3:GetObjectVersion\",\n        \"s3:GetObject\",\n        \"s3:GetBucketVersioning\",\n        \"iam:PassRole\",\n        \"ecs:UpdateService\",\n        \"ecs:RegisterTaskDefinition\",\n        \"ecs:ListTasks\",\n        \"ecs:DescribeTasks\",\n        \"ecs:DescribeTaskDefinition\",\n        \"ecs:DescribeServices\",\n        \"codebuild:StartBuild\",\n        \"codebuild:BatchGetBuilds\"\n      ],\n      \"Resource\": \"*\"\n    }\n  ]\n}"
          },
          "private": "bnVsbA=="
        }
      ]
    },
    {
      "module": "module.describe_regions_for_ec2",
      "mode": "managed",
      "type": "aws_iam_policy",
      "name": "default",
      "provider": "provider.aws",
      "instances": [
        {
          "schema_version": 0,
          "attributes": {
            "arn": "arn:aws:iam::477438465448:policy/describe-regions-for-ec2",
            "description": "",
            "id": "arn:aws:iam::477438465448:policy/describe-regions-for-ec2",
            "name": "describe-regions-for-ec2",
            "name_prefix": null,
            "path": "/",
            "policy": "{\n  \"Version\": \"2012-10-17\",\n  \"Statement\": [\n    {\n      \"Sid\": \"\",\n      \"Effect\": \"Allow\",\n      \"Action\": \"ec2:DescribeRegions\",\n      \"Resource\": \"*\"\n    }\n  ]\n}"
          },
          "private": "bnVsbA=="
        }
      ]
    },
    {
      "module": "module.ecs_events_role",
      "mode": "managed",
      "type": "aws_iam_policy",
      "name": "default",
      "provider": "provider.aws",
      "instances": [
        {
          "schema_version": 0,
          "attributes": {
            "arn": "arn:aws:iam::477438465448:policy/ecs-events",
            "description": "",
            "id": "arn:aws:iam::477438465448:policy/ecs-events",
            "name": "ecs-events",
            "name_prefix": null,
            "path": "/",
            "policy": "{\n    \"Version\": \"2012-10-17\",\n    \"Statement\": [\n        {\n            \"Effect\": \"Allow\",\n            \"Action\": [\n                \"ecs:RunTask\"\n            ],\n            \"Resource\": [\n                \"*\"\n            ]\n        },\n        {\n            \"Effect\": \"Allow\",\n            \"Action\": \"iam:PassRole\",\n            \"Resource\": [\n                \"*\"\n            ],\n            \"Condition\": {\n                \"StringLike\": {\n                    \"iam:PassedToService\": \"ecs-tasks.amazonaws.com\"\n                }\n            }\n        }\n    ]\n}"
          },
          "private": "bnVsbA=="
        }
      ]
    },
    {
      "module": "module.ec2_for_ssm_role",
      "mode": "managed",
      "type": "aws_iam_policy",
      "name": "default",
      "provider": "provider.aws",
      "instances": [
        {
          "schema_version": 0,
          "attributes": {
            "arn": "arn:aws:iam::477438465448:policy/ec2-for-ssm",
            "description": "",
            "id": "arn:aws:iam::477438465448:policy/ec2-for-ssm",
            "name": "ec2-for-ssm",
            "name_prefix": null,
            "path": "/",
            "policy": "{\n  \"Version\": \"2012-10-17\",\n  \"Statement\": [\n    {\n      \"Sid\": \"\",\n      \"Effect\": \"Allow\",\n      \"Action\": [\n        \"ssm:DescribeAssociation\",\n        \"ssm:GetDeployablePatchSnapshotForInstance\",\n        \"ssm:GetDocument\",\n        \"ssm:DescribeDocument\",\n        \"ssm:GetManifest\",\n        \"ssm:GetParameter\",\n        \"ssm:GetParameters\",\n        \"ssm:ListAssociations\",\n        \"ssm:ListInstanceAssociations\",\n        \"ssm:PutInventory\",\n        \"ssm:PutComplianceItems\",\n        \"ssm:PutConfigurePackageResult\",\n        \"ssm:UpdateAssociationStatus\",\n        \"ssm:UpdateInstanceAssociationStatus\",\n        \"ssm:UpdateInstanceInformation\"\n      ],\n      \"Resource\": \"*\"\n    },\n    {\n      \"Sid\": \"\",\n      \"Effect\": \"Allow\",\n      \"Action\": [\n        \"ssmmessages:CreateControlChannel\",\n        \"ssmmessages:CreateDataChannel\",\n        \"ssmmessages:OpenControlChannel\",\n        \"ssmmessages:OpenDataChannel\"\n      ],\n      \"Resource\": \"*\"\n    },\n    {\n      \"Sid\": \"\",\n      \"Effect\": \"Allow\",\n      \"Action\": [\n        \"ec2messages:AcknowledgeMessage\",\n        \"ec2messages:DeleteMessage\",\n        \"ec2messages:FailMessage\",\n        \"ec2messages:GetEndpoint\",\n        \"ec2messages:GetMessages\",\n        \"ec2messages:SendReply\"\n      ],\n      \"Resource\": \"*\"\n    },\n    {\n      \"Sid\": \"\",\n      \"Effect\": \"Allow\",\n      \"Action\": [\n        \"ssm:GetParametersByPath\",\n        \"ssm:GetParameters\",\n        \"ssm:GetParameter\",\n        \"s3:PutObject\",\n        \"logs:PutLogEvents\",\n        \"logs:CreateLogStream\",\n        \"kms:Decrypt\",\n        \"ecr:GetDownloadUrlForLayer\",\n        \"ecr:GetAuthorizationToken\",\n        \"ecr:BatchGetImage\",\n        \"ecr:BatchCheckLayerAvailability\"\n      ],\n      \"Resource\": \"*\"\n    }\n  ]\n}"
          },
          "private": "bnVsbA=="
        }
      ]
    },
    {
      "module": "module.ecs_task_execution_role",
      "mode": "managed",
      "type": "aws_iam_policy",
      "name": "default",
      "provider": "provider.aws",
      "instances": [
        {
          "schema_version": 0,
          "attributes": {
            "arn": "arn:aws:iam::477438465448:policy/ecs-task-execution",
            "description": "",
            "id": "arn:aws:iam::477438465448:policy/ecs-task-execution",
            "name": "ecs-task-execution",
            "name_prefix": null,
            "path": "/",
            "policy": "{\n  \"Version\": \"2012-10-17\",\n  \"Statement\": [\n    {\n      \"Sid\": \"\",\n      \"Effect\": \"Allow\",\n      \"Action\": [\n        \"ecr:GetAuthorizationToken\",\n        \"ecr:BatchCheckLayerAvailability\",\n        \"ecr:GetDownloadUrlForLayer\",\n        \"ecr:BatchGetImage\",\n        \"logs:CreateLogStream\",\n        \"logs:PutLogEvents\"\n      ],\n      \"Resource\": \"*\"\n    },\n    {\n      \"Sid\": \"\",\n      \"Effect\": \"Allow\",\n      \"Action\": [\n        \"ssm:GetParameters\",\n        \"kms:Decrypt\"\n      ],\n      \"Resource\": \"*\"\n    }\n  ]\n}"
          },
          "private": "bnVsbA=="
        }
      ]
    },
    {
      "module": "module.codebuild_role",
      "mode": "managed",
      "type": "aws_iam_role",
      "name": "default",
      "provider": "provider.aws",
      "instances": [
        {
          "schema_version": 0,
          "attributes": {
            "arn": "arn:aws:iam::477438465448:role/codebuild",
            "assume_role_policy": "{\"Version\":\"2012-10-17\",\"Statement\":[{\"Sid\":\"\",\"Effect\":\"Allow\",\"Principal\":{\"Service\":\"codebuild.amazonaws.com\"},\"Action\":\"sts:AssumeRole\"}]}",
            "create_date": "2020-05-10T01:55:38Z",
            "description": "",
            "force_detach_policies": false,
            "id": "codebuild",
            "max_session_duration": 3600,
            "name": "codebuild",
            "name_prefix": null,
            "path": "/",
            "permissions_boundary": null,
            "tags": {},
            "unique_id": "AROAW6KMM2WUAP3T4MRF3"
          },
          "private": "bnVsbA=="
        }
      ]
    },
    {
      "module": "module.codepipeline_role",
      "mode": "managed",
      "type": "aws_iam_role",
      "name": "default",
      "provider": "provider.aws",
      "instances": [
        {
          "schema_version": 0,
          "attributes": {
            "arn": "arn:aws:iam::477438465448:role/codepipeline",
            "assume_role_policy": "{\"Version\":\"2012-10-17\",\"Statement\":[{\"Sid\":\"\",\"Effect\":\"Allow\",\"Principal\":{\"Service\":\"codepipeline.amazonaws.com\"},\"Action\":\"sts:AssumeRole\"}]}",
            "create_date": "2020-05-10T01:55:38Z",
            "description": "",
            "force_detach_policies": false,
            "id": "codepipeline",
            "max_session_duration": 3600,
            "name": "codepipeline",
            "name_prefix": null,
            "path": "/",
            "permissions_boundary": null,
            "tags": {},
            "unique_id": "AROAW6KMM2WUHISP3KOPV"
          },
          "private": "bnVsbA=="
        }
      ]
    },
    {
      "module": "module.describe_regions_for_ec2",
      "mode": "managed",
      "type": "aws_iam_role",
      "name": "default",
      "provider": "provider.aws",
      "instances": [
        {
          "schema_version": 0,
          "attributes": {
            "arn": "arn:aws:iam::477438465448:role/describe-regions-for-ec2",
            "assume_role_policy": "{\"Version\":\"2012-10-17\",\"Statement\":[{\"Sid\":\"\",\"Effect\":\"Allow\",\"Principal\":{\"Service\":\"ec2.amazonaws.com\"},\"Action\":\"sts:AssumeRole\"}]}",
            "create_date": "2020-05-09T13:45:55Z",
            "description": "",
            "force_detach_policies": false,
            "id": "describe-regions-for-ec2",
            "max_session_duration": 3600,
            "name": "describe-regions-for-ec2",
            "name_prefix": null,
            "path": "/",
            "permissions_boundary": null,
            "tags": {},
            "unique_id": "AROAW6KMM2WUNVX5TFADQ"
          },
          "private": "bnVsbA=="
        }
      ]
    },
    {
      "module": "module.ecs_events_role",
      "mode": "managed",
      "type": "aws_iam_role",
      "name": "default",
      "provider": "provider.aws",
      "instances": [
        {
          "schema_version": 0,
          "attributes": {
            "arn": "arn:aws:iam::477438465448:role/ecs-events",
            "assume_role_policy": "{\"Version\":\"2012-10-17\",\"Statement\":[{\"Sid\":\"\",\"Effect\":\"Allow\",\"Principal\":{\"Service\":\"events.amazonaws.com\"},\"Action\":\"sts:AssumeRole\"}]}",
            "create_date": "2020-05-09T14:33:25Z",
            "description": "",
            "force_detach_policies": false,
            "id": "ecs-events",
            "max_session_duration": 3600,
            "name": "ecs-events",
            "name_prefix": null,
            "path": "/",
            "permissions_boundary": null,
            "tags": {},
            "unique_id": "AROAW6KMM2WUBGAJQ7ANK"
          },
          "private": "bnVsbA=="
        }
      ]
    },
    {
      "module": "module.ec2_for_ssm_role",
      "mode": "managed",
      "type": "aws_iam_role",
      "name": "default",
      "provider": "provider.aws",
      "instances": [
        {
          "schema_version": 0,
          "attributes": {
            "arn": "arn:aws:iam::477438465448:role/ec2-for-ssm",
            "assume_role_policy": "{\"Version\":\"2012-10-17\",\"Statement\":[{\"Sid\":\"\",\"Effect\":\"Allow\",\"Principal\":{\"Service\":\"ec2.amazonaws.com\"},\"Action\":\"sts:AssumeRole\"}]}",
            "create_date": "2020-05-10T01:55:37Z",
            "description": "",
            "force_detach_policies": false,
            "id": "ec2-for-ssm",
            "max_session_duration": 3600,
            "name": "ec2-for-ssm",
            "name_prefix": null,
            "path": "/",
            "permissions_boundary": null,
            "tags": {},
            "unique_id": "AROAW6KMM2WUB627Y3IDR"
          },
          "private": "bnVsbA=="
        }
      ]
    },
    {
      "module": "module.ecs_task_execution_role",
      "mode": "managed",
      "type": "aws_iam_role",
      "name": "default",
      "provider": "provider.aws",
      "instances": [
        {
          "schema_version": 0,
          "attributes": {
            "arn": "arn:aws:iam::477438465448:role/ecs-task-execution",
            "assume_role_policy": "{\"Version\":\"2012-10-17\",\"Statement\":[{\"Sid\":\"\",\"Effect\":\"Allow\",\"Principal\":{\"Service\":\"ecs-tasks.amazonaws.com\"},\"Action\":\"sts:AssumeRole\"}]}",
            "create_date": "2020-05-09T14:33:25Z",
            "description": "",
            "force_detach_policies": false,
            "id": "ecs-task-execution",
            "max_session_duration": 3600,
            "name": "ecs-task-execution",
            "name_prefix": null,
            "path": "/",
            "permissions_boundary": null,
            "tags": {},
            "unique_id": "AROAW6KMM2WUKEME44E4G"
          },
          "private": "bnVsbA=="
        }
      ]
    },
    {
      "module": "module.codebuild_role",
      "mode": "managed",
      "type": "aws_iam_role_policy_attachment",
      "name": "default",
      "provider": "provider.aws",
      "instances": [
        {
          "schema_version": 0,
          "attributes": {
            "id": "codebuild-20200510015456669200000003",
            "policy_arn": "arn:aws:iam::477438465448:policy/codebuild",
            "role": "codebuild"
          },
          "private": "bnVsbA==",
          "dependencies": [
            "module.codebuild_role.aws_iam_policy.default",
            "module.codebuild_role.aws_iam_role.default"
          ]
        }
      ]
    },
    {
      "module": "module.codepipeline_role",
      "mode": "managed",
      "type": "aws_iam_role_policy_attachment",
      "name": "default",
      "provider": "provider.aws",
      "instances": [
        {
          "schema_version": 0,
          "attributes": {
            "id": "codepipeline-20200510015457207300000004",
            "policy_arn": "arn:aws:iam::477438465448:policy/codepipeline",
            "role": "codepipeline"
          },
          "private": "bnVsbA==",
          "dependencies": [
            "module.codepipeline_role.aws_iam_policy.default",
            "module.codepipeline_role.aws_iam_role.default"
          ]
        }
      ]
    },
    {
      "module": "module.describe_regions_for_ec2",
      "mode": "managed",
      "type": "aws_iam_role_policy_attachment",
      "name": "default",
      "provider": "provider.aws",
      "instances": [
        {
          "schema_version": 0,
          "attributes": {
            "id": "describe-regions-for-ec2-20200509134517495000000001",
            "policy_arn": "arn:aws:iam::477438465448:policy/describe-regions-for-ec2",
            "role": "describe-regions-for-ec2"
          },
          "private": "bnVsbA==",
          "dependencies": [
            "module.describe_regions_for_ec2.aws_iam_policy.default",
            "module.describe_regions_for_ec2.aws_iam_role.default"
          ]
        }
      ]
    },
    {
      "module": "module.ecs_events_role",
      "mode": "managed",
      "type": "aws_iam_role_policy_attachment",
      "name": "default",
      "provider": "provider.aws",
      "instances": [
        {
          "schema_version": 0,
          "attributes": {
            "id": "ecs-events-20200509143246875400000001",
            "policy_arn": "arn:aws:iam::477438465448:policy/ecs-events",
            "role": "ecs-events"
          },
          "private": "bnVsbA==",
          "dependencies": [
            "module.ecs_events_role.aws_iam_policy.default",
            "module.ecs_events_role.aws_iam_role.default"
          ]
        }
      ]
    },
    {
      "module": "module.ec2_for_ssm_role",
      "mode": "managed",
      "type": "aws_iam_role_policy_attachment",
      "name": "default",
      "provider": "provider.aws",
      "instances": [
        {
          "schema_version": 0,
          "attributes": {
            "id": "ec2-for-ssm-20200510015458052400000005",
            "policy_arn": "arn:aws:iam::477438465448:policy/ec2-for-ssm",
            "role": "ec2-for-ssm"
          },
          "private": "bnVsbA==",
          "dependencies": [
            "module.ec2_for_ssm_role.aws_iam_policy.default",
            "module.ec2_for_ssm_role.aws_iam_role.default"
          ]
        }
      ]
    },
    {
      "module": "module.ecs_task_execution_role",
      "mode": "managed",
      "type": "aws_iam_role_policy_attachment",
      "name": "default",
      "provider": "provider.aws",
      "instances": [
        {
          "schema_version": 0,
          "attributes": {
            "id": "ecs-task-execution-20200509143249057700000002",
            "policy_arn": "arn:aws:iam::477438465448:policy/ecs-task-execution",
            "role": "ecs-task-execution"
          },
          "private": "bnVsbA==",
          "dependencies": [
            "module.ecs_task_execution_role.aws_iam_policy.default",
            "module.ecs_task_execution_role.aws_iam_role.default"
          ]
        }
      ]
    },
    {
      "mode": "managed",
      "type": "aws_instance",
      "name": "rails-form-training_for_operation",
      "provider": "provider.aws",
      "instances": [
        {
          "schema_version": 1,
          "attributes": {
            "ami": "ami-0c3fd0f5d33134a76",
            "arn": "arn:aws:ec2:ap-northeast-1:477438465448:instance/i-01c79d9e2877330d2",
            "associate_public_ip_address": false,
            "availability_zone": "ap-northeast-1a",
            "cpu_core_count": 1,
            "cpu_threads_per_core": 2,
            "credit_specification": [
              {
                "cpu_credits": "unlimited"
              }
            ],
            "disable_api_termination": false,
            "ebs_block_device": [],
            "ebs_optimized": false,
            "ephemeral_block_device": [],
            "get_password_data": false,
            "hibernation": false,
            "host_id": null,
            "iam_instance_profile": "ec2-for-ssm",
            "id": "i-01c79d9e2877330d2",
            "instance_initiated_shutdown_behavior": null,
            "instance_state": "running",
            "instance_type": "t3.micro",
            "ipv6_address_count": 0,
            "ipv6_addresses": [],
            "key_name": "",
            "metadata_options": [
              {
                "http_endpoint": "enabled",
                "http_put_response_hop_limit": 1,
                "http_tokens": "optional"
              }
            ],
            "monitoring": false,
            "network_interface": [],
            "network_interface_id": null,
            "outpost_arn": "",
            "password_data": "",
            "placement_group": "",
            "primary_network_interface_id": "eni-0b6f6530e368f927c",
            "private_dns": "ip-10-0-65-38.ap-northeast-1.compute.internal",
            "private_ip": "10.0.65.38",
            "public_dns": "",
            "public_ip": "",
            "root_block_device": [
              {
                "delete_on_termination": true,
                "device_name": "/dev/xvda",
                "encrypted": false,
                "iops": 100,
                "kms_key_id": "",
                "volume_id": "vol-094cffc5fb13ed0d4",
                "volume_size": 8,
                "volume_type": "gp2"
              }
            ],
            "security_groups": [],
            "source_dest_check": true,
            "subnet_id": "subnet-06df59012ed54a68b",
            "tags": {},
            "tenancy": "default",
            "timeouts": null,
            "user_data": "c0c18109ada3efa16dcc4871f2f30cad234ab741",
            "user_data_base64": null,
            "volume_tags": {},
            "vpc_security_group_ids": [
              "sg-02975ba3fe9b65a26"
            ]
          },
          "private": "eyJlMmJmYjczMC1lY2FhLTExZTYtOGY4OC0zNDM2M2JjN2M0YzAiOnsiY3JlYXRlIjo2MDAwMDAwMDAwMDAsImRlbGV0ZSI6MTIwMDAwMDAwMDAwMCwidXBkYXRlIjo2MDAwMDAwMDAwMDB9LCJzY2hlbWFfdmVyc2lvbiI6IjEifQ==",
          "dependencies": [
            "aws_iam_instance_profile.ec2_for_ssm",
            "aws_subnet.private_0",
            "aws_vpc.rails-form-training",
            "module.ec2_for_ssm_role.aws_iam_role.default"
          ]
        }
      ]
    },
    {
      "mode": "managed",
      "type": "aws_internet_gateway",
      "name": "rails-form-training",
      "provider": "provider.aws",
      "instances": [
        {
          "schema_version": 0,
          "attributes": {
            "id": "igw-0fa4a7ab7955faec4",
            "owner_id": "477438465448",
            "tags": {},
            "vpc_id": "vpc-0beb3938835ef1926"
          },
          "private": "bnVsbA==",
          "dependencies": [
            "aws_vpc.rails-form-training"
          ]
        }
      ]
    },
    {
      "mode": "managed",
      "type": "aws_kms_alias",
      "name": "rails-form-training",
      "provider": "provider.aws",
      "instances": [
        {
          "schema_version": 0,
          "attributes": {
            "arn": "arn:aws:kms:ap-northeast-1:477438465448:alias/rails-form-training",
            "id": "alias/rails-form-training",
            "name": "alias/rails-form-training",
            "name_prefix": null,
            "target_key_arn": "arn:aws:kms:ap-northeast-1:477438465448:key/3145c5d3-b04c-4bc5-952b-2e9e55185fb7",
            "target_key_id": "3145c5d3-b04c-4bc5-952b-2e9e55185fb7"
          },
          "private": "bnVsbA==",
          "dependencies": [
            "aws_kms_key.rails-form-training"
          ]
        }
      ]
    },
    {
      "mode": "managed",
      "type": "aws_kms_key",
      "name": "rails-form-training",
      "provider": "provider.aws",
      "instances": [
        {
          "schema_version": 0,
          "attributes": {
            "arn": "arn:aws:kms:ap-northeast-1:477438465448:key/3145c5d3-b04c-4bc5-952b-2e9e55185fb7",
            "customer_master_key_spec": "SYMMETRIC_DEFAULT",
            "deletion_window_in_days": 30,
            "description": "RailsFormTraining Customer Master Key",
            "enable_key_rotation": true,
            "id": "3145c5d3-b04c-4bc5-952b-2e9e55185fb7",
            "is_enabled": true,
            "key_id": "3145c5d3-b04c-4bc5-952b-2e9e55185fb7",
            "key_usage": "ENCRYPT_DECRYPT",
            "policy": "{\"Id\":\"key-default-1\",\"Statement\":[{\"Action\":\"kms:*\",\"Effect\":\"Allow\",\"Principal\":{\"AWS\":\"arn:aws:iam::477438465448:root\"},\"Resource\":\"*\",\"Sid\":\"Enable IAM User Permissions\"}],\"Version\":\"2012-10-17\"}",
            "tags": {}
          },
          "private": "bnVsbA=="
        }
      ]
    },
    {
      "mode": "managed",
      "type": "aws_lb",
      "name": "rails-form-training",
      "provider": "provider.aws",
      "instances": [
        {
          "schema_version": 0,
          "attributes": {
            "access_logs": [
              {
                "bucket": "alb-log-rails-form-training",
                "enabled": true,
                "prefix": ""
              }
            ],
            "arn": "arn:aws:elasticloadbalancing:ap-northeast-1:477438465448:loadbalancer/app/rails-form-training/860899c04703b9c7",
            "arn_suffix": "app/rails-form-training/860899c04703b9c7",
            "dns_name": "rails-form-training-1093700072.ap-northeast-1.elb.amazonaws.com",
            "drop_invalid_header_fields": false,
            "enable_cross_zone_load_balancing": null,
            "enable_deletion_protection": false,
            "enable_http2": true,
            "id": "arn:aws:elasticloadbalancing:ap-northeast-1:477438465448:loadbalancer/app/rails-form-training/860899c04703b9c7",
            "idle_timeout": 60,
            "internal": false,
            "ip_address_type": "ipv4",
            "load_balancer_type": "application",
            "name": "rails-form-training",
            "name_prefix": null,
            "security_groups": [
              "sg-05a493806db4f8173",
              "sg-0cce0d61dc6754151",
              "sg-0e8e831185dca399c"
            ],
            "subnet_mapping": [
              {
                "allocation_id": "",
                "subnet_id": "subnet-05bea9967349a015c"
              },
              {
                "allocation_id": "",
                "subnet_id": "subnet-0d617f1d3dafe219e"
              }
            ],
            "subnets": [
              "subnet-05bea9967349a015c",
              "subnet-0d617f1d3dafe219e"
            ],
            "tags": {},
            "timeouts": null,
            "vpc_id": "vpc-0beb3938835ef1926",
            "zone_id": "Z14GRHDCWA56QT"
          },
          "private": "eyJlMmJmYjczMC1lY2FhLTExZTYtOGY4OC0zNDM2M2JjN2M0YzAiOnsiY3JlYXRlIjo2MDAwMDAwMDAwMDAsImRlbGV0ZSI6NjAwMDAwMDAwMDAwLCJ1cGRhdGUiOjYwMDAwMDAwMDAwMH19",
          "dependencies": [
            "aws_s3_bucket.alb_log",
            "aws_subnet.public_0",
            "aws_subnet.public_1",
            "aws_vpc.rails-form-training",
            "module.http_redirect_sg.aws_security_group.default",
            "module.http_sg.aws_security_group.default",
            "module.https_sg.aws_security_group.default"
          ]
        }
      ]
    },
    {
      "mode": "managed",
      "type": "aws_lb_listener",
      "name": "http",
      "provider": "provider.aws",
      "instances": [
        {
          "schema_version": 0,
          "attributes": {
            "arn": "arn:aws:elasticloadbalancing:ap-northeast-1:477438465448:listener/app/rails-form-training/860899c04703b9c7/6c7fbe3d10b01357",
            "certificate_arn": null,
            "default_action": [
              {
                "authenticate_cognito": [],
                "authenticate_oidc": [],
                "fixed_response": [
                  {
                    "content_type": "text/plain",
                    "message_body": "これは「HTTP」です",
                    "status_code": "200"
                  }
                ],
                "order": 1,
                "redirect": [],
                "target_group_arn": "",
                "type": "fixed-response"
              }
            ],
            "id": "arn:aws:elasticloadbalancing:ap-northeast-1:477438465448:listener/app/rails-form-training/860899c04703b9c7/6c7fbe3d10b01357",
            "load_balancer_arn": "arn:aws:elasticloadbalancing:ap-northeast-1:477438465448:loadbalancer/app/rails-form-training/860899c04703b9c7",
            "port": 80,
            "protocol": "HTTP",
            "ssl_policy": "",
            "timeouts": null
          },
          "private": "eyJlMmJmYjczMC1lY2FhLTExZTYtOGY4OC0zNDM2M2JjN2M0YzAiOnsicmVhZCI6NjAwMDAwMDAwMDAwfX0=",
          "dependencies": [
            "aws_lb.rails-form-training",
            "aws_s3_bucket.alb_log",
            "aws_subnet.public_0",
            "aws_subnet.public_1",
            "aws_vpc.rails-form-training",
            "module.http_redirect_sg.aws_security_group.default",
            "module.http_sg.aws_security_group.default",
            "module.https_sg.aws_security_group.default"
          ]
        }
      ]
    },
    {
      "mode": "managed",
      "type": "aws_lb_listener",
      "name": "https",
      "provider": "provider.aws",
      "instances": [
        {
          "schema_version": 0,
          "attributes": {
            "arn": "arn:aws:elasticloadbalancing:ap-northeast-1:477438465448:listener/app/rails-form-training/860899c04703b9c7/5b2dc7e5b81966ac",
            "certificate_arn": "arn:aws:acm:ap-northeast-1:477438465448:certificate/a0994389-8ea5-4e03-9fa9-6e5ea536b150",
            "default_action": [
              {
                "authenticate_cognito": [],
                "authenticate_oidc": [],
                "fixed_response": [
                  {
                    "content_type": "text/plain",
                    "message_body": "これは「HTTPS」です",
                    "status_code": "200"
                  }
                ],
                "order": 1,
                "redirect": [],
                "target_group_arn": "",
                "type": "fixed-response"
              }
            ],
            "id": "arn:aws:elasticloadbalancing:ap-northeast-1:477438465448:listener/app/rails-form-training/860899c04703b9c7/5b2dc7e5b81966ac",
            "load_balancer_arn": "arn:aws:elasticloadbalancing:ap-northeast-1:477438465448:loadbalancer/app/rails-form-training/860899c04703b9c7",
            "port": 443,
            "protocol": "HTTPS",
            "ssl_policy": "ELBSecurityPolicy-2016-08",
            "timeouts": null
          },
          "private": "eyJlMmJmYjczMC1lY2FhLTExZTYtOGY4OC0zNDM2M2JjN2M0YzAiOnsicmVhZCI6NjAwMDAwMDAwMDAwfX0=",
          "dependencies": [
            "aws_acm_certificate.rails-form-training",
            "aws_lb.rails-form-training",
            "aws_route53_record.rails-form-training",
            "aws_s3_bucket.alb_log",
            "aws_subnet.public_0",
            "aws_subnet.public_1",
            "aws_vpc.rails-form-training",
            "module.http_redirect_sg.aws_security_group.default",
            "module.http_sg.aws_security_group.default",
            "module.https_sg.aws_security_group.default"
          ]
        }
      ]
    },
    {
      "mode": "managed",
      "type": "aws_lb_listener",
      "name": "redirect_http_to_https",
      "provider": "provider.aws",
      "instances": [
        {
          "schema_version": 0,
          "attributes": {
            "arn": "arn:aws:elasticloadbalancing:ap-northeast-1:477438465448:listener/app/rails-form-training/860899c04703b9c7/9af957e1adbb5a36",
            "certificate_arn": null,
            "default_action": [
              {
                "authenticate_cognito": [],
                "authenticate_oidc": [],
                "fixed_response": [],
                "order": 1,
                "redirect": [
                  {
                    "host": "#{host}",
                    "path": "/#{path}",
                    "port": "443",
                    "protocol": "HTTPS",
                    "query": "#{query}",
                    "status_code": "HTTP_301"
                  }
                ],
                "target_group_arn": "",
                "type": "redirect"
              }
            ],
            "id": "arn:aws:elasticloadbalancing:ap-northeast-1:477438465448:listener/app/rails-form-training/860899c04703b9c7/9af957e1adbb5a36",
            "load_balancer_arn": "arn:aws:elasticloadbalancing:ap-northeast-1:477438465448:loadbalancer/app/rails-form-training/860899c04703b9c7",
            "port": 8080,
            "protocol": "HTTP",
            "ssl_policy": "",
            "timeouts": null
          },
          "private": "eyJlMmJmYjczMC1lY2FhLTExZTYtOGY4OC0zNDM2M2JjN2M0YzAiOnsicmVhZCI6NjAwMDAwMDAwMDAwfX0=",
          "dependencies": [
            "aws_lb.rails-form-training",
            "aws_s3_bucket.alb_log",
            "aws_subnet.public_0",
            "aws_subnet.public_1",
            "aws_vpc.rails-form-training",
            "module.http_redirect_sg.aws_security_group.default",
            "module.http_sg.aws_security_group.default",
            "module.https_sg.aws_security_group.default"
          ]
        }
      ]
    },
    {
      "mode": "managed",
      "type": "aws_lb_listener_rule",
      "name": "rails-form-training",
      "provider": "provider.aws",
      "instances": [
        {
          "schema_version": 0,
          "attributes": {
            "action": [
              {
                "authenticate_cognito": [],
                "authenticate_oidc": [],
                "fixed_response": [],
                "order": 1,
                "redirect": [],
                "target_group_arn": "arn:aws:elasticloadbalancing:ap-northeast-1:477438465448:targetgroup/rails-form-training/168131563d10fa50",
                "type": "forward"
              }
            ],
            "arn": "arn:aws:elasticloadbalancing:ap-northeast-1:477438465448:listener-rule/app/rails-form-training/860899c04703b9c7/5b2dc7e5b81966ac/4aadadd27d36c032",
            "condition": [
              {
                "field": "path-pattern",
                "host_header": [],
                "http_header": [],
                "http_request_method": [],
                "path_pattern": [
                  {
                    "values": [
                      "/*"
                    ]
                  }
                ],
                "query_string": [],
                "source_ip": [],
                "values": [
                  "/*"
                ]
              }
            ],
            "id": "arn:aws:elasticloadbalancing:ap-northeast-1:477438465448:listener-rule/app/rails-form-training/860899c04703b9c7/5b2dc7e5b81966ac/4aadadd27d36c032",
            "listener_arn": "arn:aws:elasticloadbalancing:ap-northeast-1:477438465448:listener/app/rails-form-training/860899c04703b9c7/5b2dc7e5b81966ac",
            "priority": 100
          },
          "private": "bnVsbA==",
          "dependencies": [
            "aws_acm_certificate.rails-form-training",
            "aws_lb.rails-form-training",
            "aws_lb_listener.https",
            "aws_lb_target_group.rails-form-training",
            "aws_route53_record.rails-form-training",
            "aws_s3_bucket.alb_log",
            "aws_subnet.public_0",
            "aws_subnet.public_1",
            "aws_vpc.rails-form-training",
            "module.http_redirect_sg.aws_security_group.default",
            "module.http_sg.aws_security_group.default",
            "module.https_sg.aws_security_group.default"
          ]
        }
      ]
    },
    {
      "mode": "managed",
      "type": "aws_lb_target_group",
      "name": "rails-form-training",
      "provider": "provider.aws",
      "instances": [
        {
          "schema_version": 0,
          "attributes": {
            "arn": "arn:aws:elasticloadbalancing:ap-northeast-1:477438465448:targetgroup/rails-form-training/168131563d10fa50",
            "arn_suffix": "targetgroup/rails-form-training/168131563d10fa50",
            "deregistration_delay": 300,
            "health_check": [
              {
                "enabled": true,
                "healthy_threshold": 5,
                "interval": 30,
                "matcher": "200",
                "path": "/",
                "port": "traffic-port",
                "protocol": "HTTP",
                "timeout": 5,
                "unhealthy_threshold": 2
              }
            ],
            "id": "arn:aws:elasticloadbalancing:ap-northeast-1:477438465448:targetgroup/rails-form-training/168131563d10fa50",
            "lambda_multi_value_headers_enabled": false,
            "load_balancing_algorithm_type": "round_robin",
            "name": "rails-form-training",
            "name_prefix": null,
            "port": 80,
            "protocol": "HTTP",
            "proxy_protocol_v2": false,
            "slow_start": 0,
            "stickiness": [
              {
                "cookie_duration": 86400,
                "enabled": false,
                "type": "lb_cookie"
              }
            ],
            "tags": {},
            "target_type": "ip",
            "vpc_id": "vpc-0beb3938835ef1926"
          },
          "private": "bnVsbA==",
          "dependencies": [
            "aws_lb.rails-form-training",
            "aws_s3_bucket.alb_log",
            "aws_subnet.public_0",
            "aws_subnet.public_1",
            "aws_vpc.rails-form-training",
            "module.http_redirect_sg.aws_security_group.default",
            "module.http_sg.aws_security_group.default",
            "module.https_sg.aws_security_group.default"
          ]
        }
      ]
    },
    {
      "mode": "managed",
      "type": "aws_nat_gateway",
      "name": "nat_gateway_0",
      "provider": "provider.aws",
      "instances": [
        {
          "schema_version": 0,
          "attributes": {
            "allocation_id": "eipalloc-0e488ca5eba83a602",
            "id": "nat-03ae63ff0cdb577dc",
            "network_interface_id": "eni-0084320caab9fed2c",
            "private_ip": "10.0.1.59",
            "public_ip": "13.114.49.34",
            "subnet_id": "subnet-05bea9967349a015c",
            "tags": {}
          },
          "private": "bnVsbA==",
          "dependencies": [
            "aws_eip.nat_gateway_0",
            "aws_internet_gateway.rails-form-training",
            "aws_subnet.public_0",
            "aws_vpc.rails-form-training"
          ]
        }
      ]
    },
    {
      "mode": "managed",
      "type": "aws_nat_gateway",
      "name": "nat_gateway_1",
      "provider": "provider.aws",
      "instances": [
        {
          "schema_version": 0,
          "attributes": {
            "allocation_id": "eipalloc-004173e8eff6260f9",
            "id": "nat-0637e94c4c64d2239",
            "network_interface_id": "eni-08fd327d479c9cb87",
            "private_ip": "10.0.2.112",
            "public_ip": "18.180.235.164",
            "subnet_id": "subnet-0d617f1d3dafe219e",
            "tags": {}
          },
          "private": "bnVsbA==",
          "dependencies": [
            "aws_eip.nat_gateway_1",
            "aws_internet_gateway.rails-form-training",
            "aws_subnet.public_1",
            "aws_vpc.rails-form-training"
          ]
        }
      ]
    },
    {
      "mode": "managed",
      "type": "aws_route",
      "name": "private_0",
      "provider": "provider.aws",
      "instances": [
        {
          "schema_version": 0,
          "attributes": {
            "destination_cidr_block": "0.0.0.0/0",
            "destination_ipv6_cidr_block": null,
            "destination_prefix_list_id": "",
            "egress_only_gateway_id": "",
            "gateway_id": "",
            "id": "r-rtb-090ef97d360ff022b1080289494",
            "instance_id": "",
            "instance_owner_id": "",
            "nat_gateway_id": "nat-03ae63ff0cdb577dc",
            "network_interface_id": "",
            "origin": "CreateRoute",
            "route_table_id": "rtb-090ef97d360ff022b",
            "state": "active",
            "timeouts": null,
            "transit_gateway_id": "",
            "vpc_peering_connection_id": ""
          },
          "private": "eyJlMmJmYjczMC1lY2FhLTExZTYtOGY4OC0zNDM2M2JjN2M0YzAiOnsiY3JlYXRlIjoxMjAwMDAwMDAwMDAsImRlbGV0ZSI6MzAwMDAwMDAwMDAwfX0=",
          "dependencies": [
            "aws_eip.nat_gateway_0",
            "aws_internet_gateway.rails-form-training",
            "aws_nat_gateway.nat_gateway_0",
            "aws_route_table.private_0",
            "aws_subnet.public_0",
            "aws_vpc.rails-form-training"
          ]
        }
      ]
    },
    {
      "mode": "managed",
      "type": "aws_route",
      "name": "private_1",
      "provider": "provider.aws",
      "instances": [
        {
          "schema_version": 0,
          "attributes": {
            "destination_cidr_block": "0.0.0.0/0",
            "destination_ipv6_cidr_block": null,
            "destination_prefix_list_id": "",
            "egress_only_gateway_id": "",
            "gateway_id": "",
            "id": "r-rtb-015bcc7b7b38becd81080289494",
            "instance_id": "",
            "instance_owner_id": "",
            "nat_gateway_id": "nat-0637e94c4c64d2239",
            "network_interface_id": "",
            "origin": "CreateRoute",
            "route_table_id": "rtb-015bcc7b7b38becd8",
            "state": "active",
            "timeouts": null,
            "transit_gateway_id": "",
            "vpc_peering_connection_id": ""
          },
          "private": "eyJlMmJmYjczMC1lY2FhLTExZTYtOGY4OC0zNDM2M2JjN2M0YzAiOnsiY3JlYXRlIjoxMjAwMDAwMDAwMDAsImRlbGV0ZSI6MzAwMDAwMDAwMDAwfX0=",
          "dependencies": [
            "aws_eip.nat_gateway_1",
            "aws_internet_gateway.rails-form-training",
            "aws_nat_gateway.nat_gateway_1",
            "aws_route_table.private_1",
            "aws_subnet.public_1",
            "aws_vpc.rails-form-training"
          ]
        }
      ]
    },
    {
      "mode": "managed",
      "type": "aws_route",
      "name": "public",
      "provider": "provider.aws",
      "instances": [
        {
          "schema_version": 0,
          "attributes": {
            "destination_cidr_block": "0.0.0.0/0",
            "destination_ipv6_cidr_block": null,
            "destination_prefix_list_id": "",
            "egress_only_gateway_id": "",
            "gateway_id": "igw-0fa4a7ab7955faec4",
            "id": "r-rtb-026bc92807ed274131080289494",
            "instance_id": "",
            "instance_owner_id": "",
            "nat_gateway_id": "",
            "network_interface_id": "",
            "origin": "CreateRoute",
            "route_table_id": "rtb-026bc92807ed27413",
            "state": "active",
            "timeouts": null,
            "transit_gateway_id": "",
            "vpc_peering_connection_id": ""
          },
          "private": "eyJlMmJmYjczMC1lY2FhLTExZTYtOGY4OC0zNDM2M2JjN2M0YzAiOnsiY3JlYXRlIjoxMjAwMDAwMDAwMDAsImRlbGV0ZSI6MzAwMDAwMDAwMDAwfX0=",
          "dependencies": [
            "aws_internet_gateway.rails-form-training",
            "aws_route_table.public",
            "aws_vpc.rails-form-training"
          ]
        }
      ]
    },
    {
      "mode": "managed",
      "type": "aws_route53_record",
      "name": "rails-form-training",
      "provider": "provider.aws",
      "instances": [
        {
          "schema_version": 2,
          "attributes": {
            "alias": [
              {
                "evaluate_target_health": true,
                "name": "rails-form-training-1093700072.ap-northeast-1.elb.amazonaws.com",
                "zone_id": "Z14GRHDCWA56QT"
              }
            ],
            "allow_overwrite": null,
            "failover_routing_policy": [],
            "fqdn": "matsushin11.net",
            "geolocation_routing_policy": [],
            "health_check_id": "",
            "id": "Z066014713MHE9A4TUXT9_matsushin11.net._A",
            "latency_routing_policy": [],
            "multivalue_answer_routing_policy": null,
            "name": "matsushin11.net",
            "records": [],
            "set_identifier": "",
            "ttl": 0,
            "type": "A",
            "weighted_routing_policy": [],
            "zone_id": "Z066014713MHE9A4TUXT9"
          },
          "private": "eyJzY2hlbWFfdmVyc2lvbiI6IjIifQ==",
          "dependencies": [
            "aws_lb.rails-form-training",
            "aws_s3_bucket.alb_log",
            "aws_subnet.public_0",
            "aws_subnet.public_1",
            "aws_vpc.rails-form-training",
            "module.http_redirect_sg.aws_security_group.default",
            "module.http_sg.aws_security_group.default",
            "module.https_sg.aws_security_group.default"
          ]
        }
      ]
    },
    {
      "mode": "managed",
      "type": "aws_route53_record",
      "name": "rails-form-training_certificate",
      "provider": "provider.aws",
      "instances": [
        {
          "schema_version": 2,
          "attributes": {
            "alias": [],
            "allow_overwrite": null,
            "failover_routing_policy": [],
            "fqdn": "_49eaa40e5cc914396c9bca449d2bffa9.matsushin11.net",
            "geolocation_routing_policy": [],
            "health_check_id": "",
            "id": "Z066014713MHE9A4TUXT9__49eaa40e5cc914396c9bca449d2bffa9.matsushin11.net._CNAME",
            "latency_routing_policy": [],
            "multivalue_answer_routing_policy": null,
            "name": "_49eaa40e5cc914396c9bca449d2bffa9.matsushin11.net",
            "records": [
              "_2f57ff57b6d8352ef30adddf2f3dda87.auiqqraehs.acm-validations.aws."
            ],
            "set_identifier": "",
            "ttl": 60,
            "type": "CNAME",
            "weighted_routing_policy": [],
            "zone_id": "Z066014713MHE9A4TUXT9"
          },
          "private": "eyJzY2hlbWFfdmVyc2lvbiI6IjIifQ==",
          "dependencies": [
            "aws_acm_certificate.rails-form-training",
            "aws_lb.rails-form-training",
            "aws_route53_record.rails-form-training",
            "aws_s3_bucket.alb_log",
            "aws_subnet.public_0",
            "aws_subnet.public_1",
            "aws_vpc.rails-form-training",
            "module.http_redirect_sg.aws_security_group.default",
            "module.http_sg.aws_security_group.default",
            "module.https_sg.aws_security_group.default"
          ]
        }
      ]
    },
    {
      "mode": "managed",
      "type": "aws_route53_zone",
      "name": "test_rails-form-training",
      "provider": "provider.aws",
      "instances": [
        {
          "schema_version": 0,
          "attributes": {
            "comment": "Managed by Terraform",
            "delegation_set_id": "",
            "force_destroy": false,
            "id": "Z03365592XDZSL1AD6P9R",
            "name": "test.matsushin11.net.",
            "name_servers": [
              "ns-1062.awsdns-04.org",
              "ns-1795.awsdns-32.co.uk",
              "ns-312.awsdns-39.com",
              "ns-974.awsdns-57.net"
            ],
            "tags": {},
            "vpc": [],
            "vpc_id": null,
            "vpc_region": null,
            "zone_id": "Z03365592XDZSL1AD6P9R"
          },
          "private": "bnVsbA=="
        }
      ]
    },
    {
      "mode": "managed",
      "type": "aws_route_table",
      "name": "private_0",
      "provider": "provider.aws",
      "instances": [
        {
          "schema_version": 0,
          "attributes": {
            "id": "rtb-090ef97d360ff022b",
            "owner_id": "477438465448",
            "propagating_vgws": [],
            "route": [
              {
                "cidr_block": "0.0.0.0/0",
                "egress_only_gateway_id": "",
                "gateway_id": "",
                "instance_id": "",
                "ipv6_cidr_block": "",
                "nat_gateway_id": "nat-03ae63ff0cdb577dc",
                "network_interface_id": "",
                "transit_gateway_id": "",
                "vpc_peering_connection_id": ""
              }
            ],
            "tags": {},
            "vpc_id": "vpc-0beb3938835ef1926"
          },
          "private": "bnVsbA==",
          "dependencies": [
            "aws_vpc.rails-form-training"
          ]
        }
      ]
    },
    {
      "mode": "managed",
      "type": "aws_route_table",
      "name": "private_1",
      "provider": "provider.aws",
      "instances": [
        {
          "schema_version": 0,
          "attributes": {
            "id": "rtb-015bcc7b7b38becd8",
            "owner_id": "477438465448",
            "propagating_vgws": [],
            "route": [
              {
                "cidr_block": "0.0.0.0/0",
                "egress_only_gateway_id": "",
                "gateway_id": "",
                "instance_id": "",
                "ipv6_cidr_block": "",
                "nat_gateway_id": "nat-0637e94c4c64d2239",
                "network_interface_id": "",
                "transit_gateway_id": "",
                "vpc_peering_connection_id": ""
              }
            ],
            "tags": {},
            "vpc_id": "vpc-0beb3938835ef1926"
          },
          "private": "bnVsbA==",
          "dependencies": [
            "aws_vpc.rails-form-training"
          ]
        }
      ]
    },
    {
      "mode": "managed",
      "type": "aws_route_table",
      "name": "public",
      "provider": "provider.aws",
      "instances": [
        {
          "schema_version": 0,
          "attributes": {
            "id": "rtb-026bc92807ed27413",
            "owner_id": "477438465448",
            "propagating_vgws": [],
            "route": [
              {
                "cidr_block": "0.0.0.0/0",
                "egress_only_gateway_id": "",
                "gateway_id": "igw-0fa4a7ab7955faec4",
                "instance_id": "",
                "ipv6_cidr_block": "",
                "nat_gateway_id": "",
                "network_interface_id": "",
                "transit_gateway_id": "",
                "vpc_peering_connection_id": ""
              }
            ],
            "tags": {},
            "vpc_id": "vpc-0beb3938835ef1926"
          },
          "private": "bnVsbA==",
          "dependencies": [
            "aws_vpc.rails-form-training"
          ]
        }
      ]
    },
    {
      "mode": "managed",
      "type": "aws_route_table_association",
      "name": "private_0",
      "provider": "provider.aws",
      "instances": [
        {
          "schema_version": 0,
          "attributes": {
            "gateway_id": null,
            "id": "rtbassoc-013d1d3f2e08786e8",
            "route_table_id": "rtb-090ef97d360ff022b",
            "subnet_id": "subnet-06df59012ed54a68b"
          },
          "private": "bnVsbA==",
          "dependencies": [
            "aws_route_table.private_0",
            "aws_subnet.private_0",
            "aws_vpc.rails-form-training"
          ]
        }
      ]
    },
    {
      "mode": "managed",
      "type": "aws_route_table_association",
      "name": "private_1",
      "provider": "provider.aws",
      "instances": [
        {
          "schema_version": 0,
          "attributes": {
            "gateway_id": null,
            "id": "rtbassoc-07c90403d80e23cdf",
            "route_table_id": "rtb-015bcc7b7b38becd8",
            "subnet_id": "subnet-0f787e43dc28218ef"
          },
          "private": "bnVsbA==",
          "dependencies": [
            "aws_route_table.private_1",
            "aws_subnet.private_1",
            "aws_vpc.rails-form-training"
          ]
        }
      ]
    },
    {
      "mode": "managed",
      "type": "aws_route_table_association",
      "name": "public_0",
      "provider": "provider.aws",
      "instances": [
        {
          "schema_version": 0,
          "attributes": {
            "gateway_id": null,
            "id": "rtbassoc-000f5af72f0d5e1e6",
            "route_table_id": "rtb-026bc92807ed27413",
            "subnet_id": "subnet-05bea9967349a015c"
          },
          "private": "bnVsbA==",
          "dependencies": [
            "aws_route_table.public",
            "aws_subnet.public_0",
            "aws_vpc.rails-form-training"
          ]
        }
      ]
    },
    {
      "mode": "managed",
      "type": "aws_route_table_association",
      "name": "public_1",
      "provider": "provider.aws",
      "instances": [
        {
          "schema_version": 0,
          "attributes": {
            "gateway_id": null,
            "id": "rtbassoc-0d969c1abed00203b",
            "route_table_id": "rtb-026bc92807ed27413",
            "subnet_id": "subnet-0d617f1d3dafe219e"
          },
          "private": "bnVsbA==",
          "dependencies": [
            "aws_route_table.public",
            "aws_subnet.public_1",
            "aws_vpc.rails-form-training"
          ]
        }
      ]
    },
    {
      "mode": "managed",
      "type": "aws_s3_bucket",
      "name": "alb_log",
      "provider": "provider.aws",
      "instances": [
        {
          "schema_version": 0,
          "attributes": {
            "acceleration_status": "",
            "acl": "private",
            "arn": "arn:aws:s3:::alb-log-rails-form-training",
            "bucket": "alb-log-rails-form-training",
            "bucket_domain_name": "alb-log-rails-form-training.s3.amazonaws.com",
            "bucket_prefix": null,
            "bucket_regional_domain_name": "alb-log-rails-form-training.s3.ap-northeast-1.amazonaws.com",
            "cors_rule": [],
            "force_destroy": false,
            "grant": [],
            "hosted_zone_id": "Z2M4EHUR26P7ZW",
            "id": "alb-log-rails-form-training",
            "lifecycle_rule": [
              {
                "abort_incomplete_multipart_upload_days": 0,
                "enabled": true,
                "expiration": [
                  {
                    "date": "",
                    "days": 180,
                    "expired_object_delete_marker": false
                  }
                ],
                "id": "tf-s3-lifecycle-20200509135349467800000001",
                "noncurrent_version_expiration": [],
                "noncurrent_version_transition": [],
                "prefix": "",
                "tags": {},
                "transition": []
              }
            ],
            "logging": [],
            "object_lock_configuration": [],
            "policy": null,
            "region": "ap-northeast-1",
            "replication_configuration": [],
            "request_payer": "BucketOwner",
            "server_side_encryption_configuration": [],
            "tags": {},
            "versioning": [
              {
                "enabled": false,
                "mfa_delete": false
              }
            ],
            "website": [],
            "website_domain": null,
            "website_endpoint": null
          },
          "private": "bnVsbA=="
        }
      ]
    },
    {
      "mode": "managed",
      "type": "aws_s3_bucket",
      "name": "artifact",
      "provider": "provider.aws",
      "instances": [
        {
          "schema_version": 0,
          "attributes": {
            "acceleration_status": "",
            "acl": "private",
            "arn": "arn:aws:s3:::artifact-rails-form-training",
            "bucket": "artifact-rails-form-training",
            "bucket_domain_name": "artifact-rails-form-training.s3.amazonaws.com",
            "bucket_prefix": null,
            "bucket_regional_domain_name": "artifact-rails-form-training.s3.ap-northeast-1.amazonaws.com",
            "cors_rule": [],
            "force_destroy": false,
            "grant": [],
            "hosted_zone_id": "Z2M4EHUR26P7ZW",
            "id": "artifact-rails-form-training",
            "lifecycle_rule": [
              {
                "abort_incomplete_multipart_upload_days": 0,
                "enabled": true,
                "expiration": [
                  {
                    "date": "",
                    "days": 180,
                    "expired_object_delete_marker": false
                  }
                ],
                "id": "tf-s3-lifecycle-20200510015454927000000001",
                "noncurrent_version_expiration": [],
                "noncurrent_version_transition": [],
                "prefix": "",
                "tags": {},
                "transition": []
              }
            ],
            "logging": [],
            "object_lock_configuration": [],
            "policy": null,
            "region": "ap-northeast-1",
            "replication_configuration": [],
            "request_payer": "BucketOwner",
            "server_side_encryption_configuration": [],
            "tags": {},
            "versioning": [
              {
                "enabled": false,
                "mfa_delete": false
              }
            ],
            "website": [],
            "website_domain": null,
            "website_endpoint": null
          },
          "private": "bnVsbA=="
        }
      ]
    },
    {
      "mode": "managed",
      "type": "aws_s3_bucket",
      "name": "operation",
      "provider": "provider.aws",
      "instances": [
        {
          "schema_version": 0,
          "attributes": {
            "acceleration_status": "",
            "acl": "private",
            "arn": "arn:aws:s3:::operation-rails-form-training",
            "bucket": "operation-rails-form-training",
            "bucket_domain_name": "operation-rails-form-training.s3.amazonaws.com",
            "bucket_prefix": null,
            "bucket_regional_domain_name": "operation-rails-form-training.s3.ap-northeast-1.amazonaws.com",
            "cors_rule": [],
            "force_destroy": false,
            "grant": [],
            "hosted_zone_id": "Z2M4EHUR26P7ZW",
            "id": "operation-rails-form-training",
            "lifecycle_rule": [
              {
                "abort_incomplete_multipart_upload_days": 0,
                "enabled": true,
                "expiration": [
                  {
                    "date": "",
                    "days": 180,
                    "expired_object_delete_marker": false
                  }
                ],
                "id": "tf-s3-lifecycle-20200510015455474500000002",
                "noncurrent_version_expiration": [],
                "noncurrent_version_transition": [],
                "prefix": "",
                "tags": {},
                "transition": []
              }
            ],
            "logging": [],
            "object_lock_configuration": [],
            "policy": null,
            "region": "ap-northeast-1",
            "replication_configuration": [],
            "request_payer": "BucketOwner",
            "server_side_encryption_configuration": [],
            "tags": {},
            "versioning": [
              {
                "enabled": false,
                "mfa_delete": false
              }
            ],
            "website": [],
            "website_domain": null,
            "website_endpoint": null
          },
          "private": "bnVsbA=="
        }
      ]
    },
    {
      "mode": "managed",
      "type": "aws_s3_bucket",
      "name": "private",
      "provider": "provider.aws",
      "instances": [
        {
          "schema_version": 0,
          "attributes": {
            "acceleration_status": "",
            "acl": "private",
            "arn": "arn:aws:s3:::private-rails-form-training",
            "bucket": "private-rails-form-training",
            "bucket_domain_name": "private-rails-form-training.s3.amazonaws.com",
            "bucket_prefix": null,
            "bucket_regional_domain_name": "private-rails-form-training.s3.ap-northeast-1.amazonaws.com",
            "cors_rule": [],
            "force_destroy": false,
            "grant": [],
            "hosted_zone_id": "Z2M4EHUR26P7ZW",
            "id": "private-rails-form-training",
            "lifecycle_rule": [],
            "logging": [],
            "object_lock_configuration": [],
            "policy": null,
            "region": "ap-northeast-1",
            "replication_configuration": [],
            "request_payer": "BucketOwner",
            "server_side_encryption_configuration": [
              {
                "rule": [
                  {
                    "apply_server_side_encryption_by_default": [
                      {
                        "kms_master_key_id": "",
                        "sse_algorithm": "AES256"
                      }
                    ]
                  }
                ]
              }
            ],
            "tags": {},
            "versioning": [
              {
                "enabled": true,
                "mfa_delete": false
              }
            ],
            "website": [],
            "website_domain": null,
            "website_endpoint": null
          },
          "private": "bnVsbA=="
        }
      ]
    },
    {
      "mode": "managed",
      "type": "aws_s3_bucket",
      "name": "public",
      "provider": "provider.aws",
      "instances": [
        {
          "schema_version": 0,
          "attributes": {
            "acceleration_status": "",
            "acl": "public-read",
            "arn": "arn:aws:s3:::public-rails-form-training",
            "bucket": "public-rails-form-training",
            "bucket_domain_name": "public-rails-form-training.s3.amazonaws.com",
            "bucket_prefix": null,
            "bucket_regional_domain_name": "public-rails-form-training.s3.ap-northeast-1.amazonaws.com",
            "cors_rule": [
              {
                "allowed_headers": [
                  "*"
                ],
                "allowed_methods": [
                  "GET"
                ],
                "allowed_origins": [
                  "https://matsushin11.net"
                ],
                "expose_headers": [],
                "max_age_seconds": 3000
              }
            ],
            "force_destroy": false,
            "grant": [],
            "hosted_zone_id": "Z2M4EHUR26P7ZW",
            "id": "public-rails-form-training",
            "lifecycle_rule": [],
            "logging": [],
            "object_lock_configuration": [],
            "policy": null,
            "region": "ap-northeast-1",
            "replication_configuration": [],
            "request_payer": "BucketOwner",
            "server_side_encryption_configuration": [],
            "tags": {},
            "versioning": [
              {
                "enabled": false,
                "mfa_delete": false
              }
            ],
            "website": [],
            "website_domain": null,
            "website_endpoint": null
          },
          "private": "bnVsbA=="
        }
      ]
    },
    {
      "mode": "managed",
      "type": "aws_s3_bucket_policy",
      "name": "alb_log",
      "provider": "provider.aws",
      "instances": [
        {
          "schema_version": 0,
          "attributes": {
            "bucket": "alb-log-rails-form-training",
            "id": "alb-log-rails-form-training",
            "policy": "{\"Version\":\"2012-10-17\",\"Statement\":[{\"Sid\":\"\",\"Effect\":\"Allow\",\"Principal\":{\"AWS\":\"arn:aws:iam::582318560864:root\"},\"Action\":\"s3:PutObject\",\"Resource\":\"arn:aws:s3:::alb-log-rails-form-training/*\"}]}"
          },
          "private": "bnVsbA==",
          "dependencies": [
            "aws_s3_bucket.alb_log"
          ]
        }
      ]
    },
    {
      "mode": "managed",
      "type": "aws_s3_bucket_public_access_block",
      "name": "private",
      "provider": "provider.aws",
      "instances": [
        {
          "schema_version": 0,
          "attributes": {
            "block_public_acls": true,
            "block_public_policy": true,
            "bucket": "private-rails-form-training",
            "id": "private-rails-form-training",
            "ignore_public_acls": true,
            "restrict_public_buckets": true
          },
          "private": "bnVsbA==",
          "dependencies": [
            "aws_s3_bucket.private"
          ]
        }
      ]
    },
    {
      "module": "module.example_sg",
      "mode": "managed",
      "type": "aws_security_group",
      "name": "default",
      "provider": "provider.aws",
      "instances": [
        {
          "schema_version": 1,
          "attributes": {
            "arn": "arn:aws:ec2:ap-northeast-1:477438465448:security-group/sg-0db42625561f630c0",
            "description": "Managed by Terraform",
            "egress": [
              {
                "cidr_blocks": [
                  "0.0.0.0/0"
                ],
                "description": "",
                "from_port": 0,
                "ipv6_cidr_blocks": [],
                "prefix_list_ids": [],
                "protocol": "-1",
                "security_groups": [],
                "self": false,
                "to_port": 0
              }
            ],
            "id": "sg-0db42625561f630c0",
            "ingress": [
              {
                "cidr_blocks": [
                  "0.0.0.0/0"
                ],
                "description": "",
                "from_port": 80,
                "ipv6_cidr_blocks": [],
                "prefix_list_ids": [],
                "protocol": "tcp",
                "security_groups": [],
                "self": false,
                "to_port": 80
              }
            ],
            "name": "rails-form-training-module-sg",
            "name_prefix": null,
            "owner_id": "477438465448",
            "revoke_rules_on_delete": false,
            "tags": {},
            "timeouts": null,
            "vpc_id": "vpc-0beb3938835ef1926"
          },
          "private": "eyJlMmJmYjczMC1lY2FhLTExZTYtOGY4OC0zNDM2M2JjN2M0YzAiOnsiY3JlYXRlIjo2MDAwMDAwMDAwMDAsImRlbGV0ZSI6NjAwMDAwMDAwMDAwfSwic2NoZW1hX3ZlcnNpb24iOiIxIn0=",
          "dependencies": [
            "aws_vpc.rails-form-training"
          ]
        }
      ]
    },
    {
      "module": "module.http_sg",
      "mode": "managed",
      "type": "aws_security_group",
      "name": "default",
      "provider": "provider.aws",
      "instances": [
        {
          "schema_version": 1,
          "attributes": {
            "arn": "arn:aws:ec2:ap-northeast-1:477438465448:security-group/sg-05a493806db4f8173",
            "description": "Managed by Terraform",
            "egress": [
              {
                "cidr_blocks": [
                  "0.0.0.0/0"
                ],
                "description": "",
                "from_port": 0,
                "ipv6_cidr_blocks": [],
                "prefix_list_ids": [],
                "protocol": "-1",
                "security_groups": [],
                "self": false,
                "to_port": 0
              }
            ],
            "id": "sg-05a493806db4f8173",
            "ingress": [
              {
                "cidr_blocks": [
                  "0.0.0.0/0"
                ],
                "description": "",
                "from_port": 80,
                "ipv6_cidr_blocks": [],
                "prefix_list_ids": [],
                "protocol": "tcp",
                "security_groups": [],
                "self": false,
                "to_port": 80
              }
            ],
            "name": "rails-form-training-http-sg",
            "name_prefix": null,
            "owner_id": "477438465448",
            "revoke_rules_on_delete": false,
            "tags": {},
            "timeouts": null,
            "vpc_id": "vpc-0beb3938835ef1926"
          },
          "private": "eyJlMmJmYjczMC1lY2FhLTExZTYtOGY4OC0zNDM2M2JjN2M0YzAiOnsiY3JlYXRlIjo2MDAwMDAwMDAwMDAsImRlbGV0ZSI6NjAwMDAwMDAwMDAwfSwic2NoZW1hX3ZlcnNpb24iOiIxIn0=",
          "dependencies": [
            "aws_vpc.rails-form-training"
          ]
        }
      ]
    },
    {
      "module": "module.http_redirect_sg",
      "mode": "managed",
      "type": "aws_security_group",
      "name": "default",
      "provider": "provider.aws",
      "instances": [
        {
          "schema_version": 1,
          "attributes": {
            "arn": "arn:aws:ec2:ap-northeast-1:477438465448:security-group/sg-0cce0d61dc6754151",
            "description": "Managed by Terraform",
            "egress": [
              {
                "cidr_blocks": [
                  "0.0.0.0/0"
                ],
                "description": "",
                "from_port": 0,
                "ipv6_cidr_blocks": [],
                "prefix_list_ids": [],
                "protocol": "-1",
                "security_groups": [],
                "self": false,
                "to_port": 0
              }
            ],
            "id": "sg-0cce0d61dc6754151",
            "ingress": [
              {
                "cidr_blocks": [
                  "0.0.0.0/0"
                ],
                "description": "",
                "from_port": 8080,
                "ipv6_cidr_blocks": [],
                "prefix_list_ids": [],
                "protocol": "tcp",
                "security_groups": [],
                "self": false,
                "to_port": 8080
              }
            ],
            "name": "rails-form-training-http-redirect-sg",
            "name_prefix": null,
            "owner_id": "477438465448",
            "revoke_rules_on_delete": false,
            "tags": {},
            "timeouts": null,
            "vpc_id": "vpc-0beb3938835ef1926"
          },
          "private": "eyJlMmJmYjczMC1lY2FhLTExZTYtOGY4OC0zNDM2M2JjN2M0YzAiOnsiY3JlYXRlIjo2MDAwMDAwMDAwMDAsImRlbGV0ZSI6NjAwMDAwMDAwMDAwfSwic2NoZW1hX3ZlcnNpb24iOiIxIn0=",
          "dependencies": [
            "aws_vpc.rails-form-training"
          ]
        }
      ]
    },
    {
      "module": "module.nginx_sg",
      "mode": "managed",
      "type": "aws_security_group",
      "name": "default",
      "provider": "provider.aws",
      "instances": [
        {
          "schema_version": 1,
          "attributes": {
            "arn": "arn:aws:ec2:ap-northeast-1:477438465448:security-group/sg-0f18bb182a674616d",
            "description": "Managed by Terraform",
            "egress": [
              {
                "cidr_blocks": [
                  "0.0.0.0/0"
                ],
                "description": "",
                "from_port": 0,
                "ipv6_cidr_blocks": [],
                "prefix_list_ids": [],
                "protocol": "-1",
                "security_groups": [],
                "self": false,
                "to_port": 0
              }
            ],
            "id": "sg-0f18bb182a674616d",
            "ingress": [
              {
                "cidr_blocks": [
                  "10.0.0.0/16"
                ],
                "description": "",
                "from_port": 80,
                "ipv6_cidr_blocks": [],
                "prefix_list_ids": [],
                "protocol": "tcp",
                "security_groups": [],
                "self": false,
                "to_port": 80
              }
            ],
            "name": "rails-form-training-nginx-sg",
            "name_prefix": null,
            "owner_id": "477438465448",
            "revoke_rules_on_delete": false,
            "tags": {},
            "timeouts": null,
            "vpc_id": "vpc-0beb3938835ef1926"
          },
          "private": "eyJlMmJmYjczMC1lY2FhLTExZTYtOGY4OC0zNDM2M2JjN2M0YzAiOnsiY3JlYXRlIjo2MDAwMDAwMDAwMDAsImRlbGV0ZSI6NjAwMDAwMDAwMDAwfSwic2NoZW1hX3ZlcnNpb24iOiIxIn0=",
          "dependencies": [
            "aws_vpc.rails-form-training"
          ]
        }
      ]
    },
    {
      "module": "module.https_sg",
      "mode": "managed",
      "type": "aws_security_group",
      "name": "default",
      "provider": "provider.aws",
      "instances": [
        {
          "schema_version": 1,
          "attributes": {
            "arn": "arn:aws:ec2:ap-northeast-1:477438465448:security-group/sg-0e8e831185dca399c",
            "description": "Managed by Terraform",
            "egress": [
              {
                "cidr_blocks": [
                  "0.0.0.0/0"
                ],
                "description": "",
                "from_port": 0,
                "ipv6_cidr_blocks": [],
                "prefix_list_ids": [],
                "protocol": "-1",
                "security_groups": [],
                "self": false,
                "to_port": 0
              }
            ],
            "id": "sg-0e8e831185dca399c",
            "ingress": [
              {
                "cidr_blocks": [
                  "0.0.0.0/0"
                ],
                "description": "",
                "from_port": 443,
                "ipv6_cidr_blocks": [],
                "prefix_list_ids": [],
                "protocol": "tcp",
                "security_groups": [],
                "self": false,
                "to_port": 443
              }
            ],
            "name": "rails-form-training-https-sg",
            "name_prefix": null,
            "owner_id": "477438465448",
            "revoke_rules_on_delete": false,
            "tags": {},
            "timeouts": null,
            "vpc_id": "vpc-0beb3938835ef1926"
          },
          "private": "eyJlMmJmYjczMC1lY2FhLTExZTYtOGY4OC0zNDM2M2JjN2M0YzAiOnsiY3JlYXRlIjo2MDAwMDAwMDAwMDAsImRlbGV0ZSI6NjAwMDAwMDAwMDAwfSwic2NoZW1hX3ZlcnNpb24iOiIxIn0=",
          "dependencies": [
            "aws_vpc.rails-form-training"
          ]
        }
      ]
    },
    {
      "module": "module.mysql_sg",
      "mode": "managed",
      "type": "aws_security_group",
      "name": "default",
      "provider": "provider.aws",
      "instances": [
        {
          "schema_version": 1,
          "attributes": {
            "arn": "arn:aws:ec2:ap-northeast-1:477438465448:security-group/sg-054d9c99cba065c3f",
            "description": "Managed by Terraform",
            "egress": [
              {
                "cidr_blocks": [
                  "0.0.0.0/0"
                ],
                "description": "",
                "from_port": 0,
                "ipv6_cidr_blocks": [],
                "prefix_list_ids": [],
                "protocol": "-1",
                "security_groups": [],
                "self": false,
                "to_port": 0
              }
            ],
            "id": "sg-054d9c99cba065c3f",
            "ingress": [
              {
                "cidr_blocks": [
                  "10.0.0.0/16"
                ],
                "description": "",
                "from_port": 3306,
                "ipv6_cidr_blocks": [],
                "prefix_list_ids": [],
                "protocol": "tcp",
                "security_groups": [],
                "self": false,
                "to_port": 3306
              }
            ],
            "name": "rails-form-training-mysql-sg",
            "name_prefix": null,
            "owner_id": "477438465448",
            "revoke_rules_on_delete": false,
            "tags": {},
            "timeouts": null,
            "vpc_id": "vpc-0beb3938835ef1926"
          },
          "private": "eyJlMmJmYjczMC1lY2FhLTExZTYtOGY4OC0zNDM2M2JjN2M0YzAiOnsiY3JlYXRlIjo2MDAwMDAwMDAwMDAsImRlbGV0ZSI6NjAwMDAwMDAwMDAwfSwic2NoZW1hX3ZlcnNpb24iOiIxIn0=",
          "dependencies": [
            "aws_vpc.rails-form-training"
          ]
        }
      ]
    },
    {
      "module": "module.example_sg",
      "mode": "managed",
      "type": "aws_security_group_rule",
      "name": "egress",
      "provider": "provider.aws",
      "instances": [
        {
          "schema_version": 2,
          "attributes": {
            "cidr_blocks": [
              "0.0.0.0/0"
            ],
            "description": "",
            "from_port": 0,
            "id": "sgrule-263562648",
            "ipv6_cidr_blocks": [],
            "prefix_list_ids": [],
            "protocol": "-1",
            "security_group_id": "sg-0db42625561f630c0",
            "self": false,
            "source_security_group_id": null,
            "to_port": 0,
            "type": "egress"
          },
          "private": "eyJzY2hlbWFfdmVyc2lvbiI6IjIifQ==",
          "dependencies": [
            "aws_vpc.rails-form-training",
            "module.example_sg.aws_security_group.default"
          ]
        }
      ]
    },
    {
      "module": "module.http_sg",
      "mode": "managed",
      "type": "aws_security_group_rule",
      "name": "egress",
      "provider": "provider.aws",
      "instances": [
        {
          "schema_version": 2,
          "attributes": {
            "cidr_blocks": [
              "0.0.0.0/0"
            ],
            "description": "",
            "from_port": 0,
            "id": "sgrule-2807845105",
            "ipv6_cidr_blocks": [],
            "prefix_list_ids": [],
            "protocol": "-1",
            "security_group_id": "sg-05a493806db4f8173",
            "self": false,
            "source_security_group_id": null,
            "to_port": 0,
            "type": "egress"
          },
          "private": "eyJzY2hlbWFfdmVyc2lvbiI6IjIifQ==",
          "dependencies": [
            "aws_vpc.rails-form-training",
            "module.http_sg.aws_security_group.default"
          ]
        }
      ]
    },
    {
      "module": "module.http_redirect_sg",
      "mode": "managed",
      "type": "aws_security_group_rule",
      "name": "egress",
      "provider": "provider.aws",
      "instances": [
        {
          "schema_version": 2,
          "attributes": {
            "cidr_blocks": [
              "0.0.0.0/0"
            ],
            "description": "",
            "from_port": 0,
            "id": "sgrule-3918353319",
            "ipv6_cidr_blocks": [],
            "prefix_list_ids": [],
            "protocol": "-1",
            "security_group_id": "sg-0cce0d61dc6754151",
            "self": false,
            "source_security_group_id": null,
            "to_port": 0,
            "type": "egress"
          },
          "private": "eyJzY2hlbWFfdmVyc2lvbiI6IjIifQ==",
          "dependencies": [
            "aws_vpc.rails-form-training",
            "module.http_redirect_sg.aws_security_group.default"
          ]
        }
      ]
    },
    {
      "module": "module.nginx_sg",
      "mode": "managed",
      "type": "aws_security_group_rule",
      "name": "egress",
      "provider": "provider.aws",
      "instances": [
        {
          "schema_version": 2,
          "attributes": {
            "cidr_blocks": [
              "0.0.0.0/0"
            ],
            "description": "",
            "from_port": 0,
            "id": "sgrule-2180905644",
            "ipv6_cidr_blocks": [],
            "prefix_list_ids": [],
            "protocol": "-1",
            "security_group_id": "sg-0f18bb182a674616d",
            "self": false,
            "source_security_group_id": null,
            "to_port": 0,
            "type": "egress"
          },
          "private": "eyJzY2hlbWFfdmVyc2lvbiI6IjIifQ==",
          "dependencies": [
            "aws_vpc.rails-form-training",
            "module.nginx_sg.aws_security_group.default"
          ]
        }
      ]
    },
    {
      "module": "module.https_sg",
      "mode": "managed",
      "type": "aws_security_group_rule",
      "name": "egress",
      "provider": "provider.aws",
      "instances": [
        {
          "schema_version": 2,
          "attributes": {
            "cidr_blocks": [
              "0.0.0.0/0"
            ],
            "description": "",
            "from_port": 0,
            "id": "sgrule-1775729394",
            "ipv6_cidr_blocks": [],
            "prefix_list_ids": [],
            "protocol": "-1",
            "security_group_id": "sg-0e8e831185dca399c",
            "self": false,
            "source_security_group_id": null,
            "to_port": 0,
            "type": "egress"
          },
          "private": "eyJzY2hlbWFfdmVyc2lvbiI6IjIifQ==",
          "dependencies": [
            "aws_vpc.rails-form-training",
            "module.https_sg.aws_security_group.default"
          ]
        }
      ]
    },
    {
      "module": "module.mysql_sg",
      "mode": "managed",
      "type": "aws_security_group_rule",
      "name": "egress",
      "provider": "provider.aws",
      "instances": [
        {
          "schema_version": 2,
          "attributes": {
            "cidr_blocks": [
              "0.0.0.0/0"
            ],
            "description": "",
            "from_port": 0,
            "id": "sgrule-282777763",
            "ipv6_cidr_blocks": [],
            "prefix_list_ids": [],
            "protocol": "-1",
            "security_group_id": "sg-054d9c99cba065c3f",
            "self": false,
            "source_security_group_id": null,
            "to_port": 0,
            "type": "egress"
          },
          "private": "eyJzY2hlbWFfdmVyc2lvbiI6IjIifQ==",
          "dependencies": [
            "aws_vpc.rails-form-training",
            "module.mysql_sg.aws_security_group.default"
          ]
        }
      ]
    },
    {
      "module": "module.example_sg",
      "mode": "managed",
      "type": "aws_security_group_rule",
      "name": "ingress",
      "provider": "provider.aws",
      "instances": [
        {
          "schema_version": 2,
          "attributes": {
            "cidr_blocks": [
              "0.0.0.0/0"
            ],
            "description": "",
            "from_port": 80,
            "id": "sgrule-3663856289",
            "ipv6_cidr_blocks": [],
            "prefix_list_ids": [],
            "protocol": "tcp",
            "security_group_id": "sg-0db42625561f630c0",
            "self": false,
            "source_security_group_id": null,
            "to_port": 80,
            "type": "ingress"
          },
          "private": "eyJzY2hlbWFfdmVyc2lvbiI6IjIifQ==",
          "dependencies": [
            "aws_vpc.rails-form-training",
            "module.example_sg.aws_security_group.default"
          ]
        }
      ]
    },
    {
      "module": "module.http_sg",
      "mode": "managed",
      "type": "aws_security_group_rule",
      "name": "ingress",
      "provider": "provider.aws",
      "instances": [
        {
          "schema_version": 2,
          "attributes": {
            "cidr_blocks": [
              "0.0.0.0/0"
            ],
            "description": "",
            "from_port": 80,
            "id": "sgrule-1385968210",
            "ipv6_cidr_blocks": [],
            "prefix_list_ids": [],
            "protocol": "tcp",
            "security_group_id": "sg-05a493806db4f8173",
            "self": false,
            "source_security_group_id": null,
            "to_port": 80,
            "type": "ingress"
          },
          "private": "eyJzY2hlbWFfdmVyc2lvbiI6IjIifQ==",
          "dependencies": [
            "aws_vpc.rails-form-training",
            "module.http_sg.aws_security_group.default"
          ]
        }
      ]
    },
    {
      "module": "module.http_redirect_sg",
      "mode": "managed",
      "type": "aws_security_group_rule",
      "name": "ingress",
      "provider": "provider.aws",
      "instances": [
        {
          "schema_version": 2,
          "attributes": {
            "cidr_blocks": [
              "0.0.0.0/0"
            ],
            "description": "",
            "from_port": 8080,
            "id": "sgrule-660654722",
            "ipv6_cidr_blocks": [],
            "prefix_list_ids": [],
            "protocol": "tcp",
            "security_group_id": "sg-0cce0d61dc6754151",
            "self": false,
            "source_security_group_id": null,
            "to_port": 8080,
            "type": "ingress"
          },
          "private": "eyJzY2hlbWFfdmVyc2lvbiI6IjIifQ==",
          "dependencies": [
            "aws_vpc.rails-form-training",
            "module.http_redirect_sg.aws_security_group.default"
          ]
        }
      ]
    },
    {
      "module": "module.nginx_sg",
      "mode": "managed",
      "type": "aws_security_group_rule",
      "name": "ingress",
      "provider": "provider.aws",
      "instances": [
        {
          "schema_version": 2,
          "attributes": {
            "cidr_blocks": [
              "10.0.0.0/16"
            ],
            "description": "",
            "from_port": 80,
            "id": "sgrule-2551201022",
            "ipv6_cidr_blocks": [],
            "prefix_list_ids": [],
            "protocol": "tcp",
            "security_group_id": "sg-0f18bb182a674616d",
            "self": false,
            "source_security_group_id": null,
            "to_port": 80,
            "type": "ingress"
          },
          "private": "eyJzY2hlbWFfdmVyc2lvbiI6IjIifQ==",
          "dependencies": [
            "aws_vpc.rails-form-training",
            "module.nginx_sg.aws_security_group.default"
          ]
        }
      ]
    },
    {
      "module": "module.https_sg",
      "mode": "managed",
      "type": "aws_security_group_rule",
      "name": "ingress",
      "provider": "provider.aws",
      "instances": [
        {
          "schema_version": 2,
          "attributes": {
            "cidr_blocks": [
              "0.0.0.0/0"
            ],
            "description": "",
            "from_port": 443,
            "id": "sgrule-2296549468",
            "ipv6_cidr_blocks": [],
            "prefix_list_ids": [],
            "protocol": "tcp",
            "security_group_id": "sg-0e8e831185dca399c",
            "self": false,
            "source_security_group_id": null,
            "to_port": 443,
            "type": "ingress"
          },
          "private": "eyJzY2hlbWFfdmVyc2lvbiI6IjIifQ==",
          "dependencies": [
            "aws_vpc.rails-form-training",
            "module.https_sg.aws_security_group.default"
          ]
        }
      ]
    },
    {
      "module": "module.mysql_sg",
      "mode": "managed",
      "type": "aws_security_group_rule",
      "name": "ingress",
      "provider": "provider.aws",
      "instances": [
        {
          "schema_version": 2,
          "attributes": {
            "cidr_blocks": [
              "10.0.0.0/16"
            ],
            "description": "",
            "from_port": 3306,
            "id": "sgrule-1093062166",
            "ipv6_cidr_blocks": [],
            "prefix_list_ids": [],
            "protocol": "tcp",
            "security_group_id": "sg-054d9c99cba065c3f",
            "self": false,
            "source_security_group_id": null,
            "to_port": 3306,
            "type": "ingress"
          },
          "private": "eyJzY2hlbWFfdmVyc2lvbiI6IjIifQ==",
          "dependencies": [
            "aws_vpc.rails-form-training",
            "module.mysql_sg.aws_security_group.default"
          ]
        }
      ]
    },
    {
      "mode": "managed",
      "type": "aws_ssm_document",
      "name": "session_manager_run_shell",
      "provider": "provider.aws",
      "instances": [
        {
          "schema_version": 0,
          "attributes": {
            "arn": "arn:aws:ssm:ap-northeast-1:477438465448:document/SSM-SessionManagerRunShell",
            "attachments_source": [],
            "content": "  {\n    \"schemaVersion\": \"1.0\",\n    \"description\": \"Document to hold regional settings for Session Manager\",\n    \"sessionType\": \"Standard_Stream\",\n    \"inputs\": {\n      \"s3BucketName\": \"operation-rails-form-training\",\n      \"cloudWatchLogGroupName\": \"/operation\"\n    }\n  }\n",
            "created_date": "2020-05-10T01:55:48Z",
            "default_version": "1",
            "description": "",
            "document_format": "JSON",
            "document_type": "Session",
            "hash": "14735e1be99ec07366910a1a59dd33a51d2e484e7e1bc66d102c44dded4225ae",
            "hash_type": "Sha256",
            "id": "SSM-SessionManagerRunShell",
            "latest_version": "1",
            "name": "SSM-SessionManagerRunShell",
            "owner": "477438465448",
            "parameter": [],
            "permissions": {},
            "platform_types": [
              "Windows",
              "Linux"
            ],
            "schema_version": "1.0",
            "status": "Active",
            "tags": {},
            "target_type": ""
          },
          "private": "bnVsbA==",
          "dependencies": [
            "aws_cloudwatch_log_group.operation",
            "aws_s3_bucket.operation"
          ]
        }
      ]
    },
    {
      "mode": "managed",
      "type": "aws_ssm_parameter",
      "name": "db_password",
      "provider": "provider.aws",
      "instances": [
        {
          "schema_version": 0,
          "attributes": {
            "allowed_pattern": "",
            "arn": "arn:aws:ssm:ap-northeast-1:477438465448:parameter/db/password",
            "description": "データベースのパスワード",
            "id": "/db/password",
            "key_id": "alias/aws/ssm",
            "name": "/db/password",
            "overwrite": null,
            "tags": {},
            "tier": "Standard",
            "type": "SecureString",
            "value": "uninitialized",
            "version": 1
          },
          "private": "bnVsbA=="
        }
      ]
    },
    {
      "mode": "managed",
      "type": "aws_ssm_parameter",
      "name": "db_raw_password",
      "provider": "provider.aws",
      "instances": [
        {
          "schema_version": 0,
          "attributes": {
            "allowed_pattern": "",
            "arn": "arn:aws:ssm:ap-northeast-1:477438465448:parameter/db/raw_password",
            "description": "データベースのパスワード",
            "id": "/db/raw_password",
            "key_id": "alias/aws/ssm",
            "name": "/db/raw_password",
            "overwrite": null,
            "tags": {},
            "tier": "Standard",
            "type": "SecureString",
            "value": "VeryStrongPassword!",
            "version": 1
          },
          "private": "bnVsbA=="
        }
      ]
    },
    {
      "mode": "managed",
      "type": "aws_ssm_parameter",
      "name": "db_username",
      "provider": "provider.aws",
      "instances": [
        {
          "schema_version": 0,
          "attributes": {
            "allowed_pattern": "",
            "arn": "arn:aws:ssm:ap-northeast-1:477438465448:parameter/db/username",
            "description": "データベースのユーザー名",
            "id": "/db/username",
            "key_id": "",
            "name": "/db/username",
            "overwrite": null,
            "tags": {},
            "tier": "Standard",
            "type": "String",
            "value": "root",
            "version": 1
          },
          "private": "bnVsbA=="
        }
      ]
    },
    {
      "mode": "managed",
      "type": "aws_subnet",
      "name": "private_0",
      "provider": "provider.aws",
      "instances": [
        {
          "schema_version": 1,
          "attributes": {
            "arn": "arn:aws:ec2:ap-northeast-1:477438465448:subnet/subnet-06df59012ed54a68b",
            "assign_ipv6_address_on_creation": false,
            "availability_zone": "ap-northeast-1a",
            "availability_zone_id": "apne1-az4",
            "cidr_block": "10.0.65.0/24",
            "id": "subnet-06df59012ed54a68b",
            "ipv6_cidr_block": "",
            "ipv6_cidr_block_association_id": "",
            "map_public_ip_on_launch": false,
            "outpost_arn": "",
            "owner_id": "477438465448",
            "tags": {},
            "timeouts": null,
            "vpc_id": "vpc-0beb3938835ef1926"
          },
          "private": "eyJlMmJmYjczMC1lY2FhLTExZTYtOGY4OC0zNDM2M2JjN2M0YzAiOnsiY3JlYXRlIjo2MDAwMDAwMDAwMDAsImRlbGV0ZSI6MTIwMDAwMDAwMDAwMH0sInNjaGVtYV92ZXJzaW9uIjoiMSJ9",
          "dependencies": [
            "aws_vpc.rails-form-training"
          ]
        }
      ]
    },
    {
      "mode": "managed",
      "type": "aws_subnet",
      "name": "private_1",
      "provider": "provider.aws",
      "instances": [
        {
          "schema_version": 1,
          "attributes": {
            "arn": "arn:aws:ec2:ap-northeast-1:477438465448:subnet/subnet-0f787e43dc28218ef",
            "assign_ipv6_address_on_creation": false,
            "availability_zone": "ap-northeast-1c",
            "availability_zone_id": "apne1-az1",
            "cidr_block": "10.0.66.0/24",
            "id": "subnet-0f787e43dc28218ef",
            "ipv6_cidr_block": "",
            "ipv6_cidr_block_association_id": "",
            "map_public_ip_on_launch": false,
            "outpost_arn": "",
            "owner_id": "477438465448",
            "tags": {},
            "timeouts": null,
            "vpc_id": "vpc-0beb3938835ef1926"
          },
          "private": "eyJlMmJmYjczMC1lY2FhLTExZTYtOGY4OC0zNDM2M2JjN2M0YzAiOnsiY3JlYXRlIjo2MDAwMDAwMDAwMDAsImRlbGV0ZSI6MTIwMDAwMDAwMDAwMH0sInNjaGVtYV92ZXJzaW9uIjoiMSJ9",
          "dependencies": [
            "aws_vpc.rails-form-training"
          ]
        }
      ]
    },
    {
      "mode": "managed",
      "type": "aws_subnet",
      "name": "public_0",
      "provider": "provider.aws",
      "instances": [
        {
          "schema_version": 1,
          "attributes": {
            "arn": "arn:aws:ec2:ap-northeast-1:477438465448:subnet/subnet-05bea9967349a015c",
            "assign_ipv6_address_on_creation": false,
            "availability_zone": "ap-northeast-1a",
            "availability_zone_id": "apne1-az4",
            "cidr_block": "10.0.1.0/24",
            "id": "subnet-05bea9967349a015c",
            "ipv6_cidr_block": "",
            "ipv6_cidr_block_association_id": "",
            "map_public_ip_on_launch": true,
            "outpost_arn": "",
            "owner_id": "477438465448",
            "tags": {},
            "timeouts": null,
            "vpc_id": "vpc-0beb3938835ef1926"
          },
          "private": "eyJlMmJmYjczMC1lY2FhLTExZTYtOGY4OC0zNDM2M2JjN2M0YzAiOnsiY3JlYXRlIjo2MDAwMDAwMDAwMDAsImRlbGV0ZSI6MTIwMDAwMDAwMDAwMH0sInNjaGVtYV92ZXJzaW9uIjoiMSJ9",
          "dependencies": [
            "aws_vpc.rails-form-training"
          ]
        }
      ]
    },
    {
      "mode": "managed",
      "type": "aws_subnet",
      "name": "public_1",
      "provider": "provider.aws",
      "instances": [
        {
          "schema_version": 1,
          "attributes": {
            "arn": "arn:aws:ec2:ap-northeast-1:477438465448:subnet/subnet-0d617f1d3dafe219e",
            "assign_ipv6_address_on_creation": false,
            "availability_zone": "ap-northeast-1c",
            "availability_zone_id": "apne1-az1",
            "cidr_block": "10.0.2.0/24",
            "id": "subnet-0d617f1d3dafe219e",
            "ipv6_cidr_block": "",
            "ipv6_cidr_block_association_id": "",
            "map_public_ip_on_launch": true,
            "outpost_arn": "",
            "owner_id": "477438465448",
            "tags": {},
            "timeouts": null,
            "vpc_id": "vpc-0beb3938835ef1926"
          },
          "private": "eyJlMmJmYjczMC1lY2FhLTExZTYtOGY4OC0zNDM2M2JjN2M0YzAiOnsiY3JlYXRlIjo2MDAwMDAwMDAwMDAsImRlbGV0ZSI6MTIwMDAwMDAwMDAwMH0sInNjaGVtYV92ZXJzaW9uIjoiMSJ9",
          "dependencies": [
            "aws_vpc.rails-form-training"
          ]
        }
      ]
    },
    {
      "mode": "managed",
      "type": "aws_vpc",
      "name": "rails-form-training",
      "provider": "provider.aws",
      "instances": [
        {
          "schema_version": 1,
          "attributes": {
            "arn": "arn:aws:ec2:ap-northeast-1:477438465448:vpc/vpc-0beb3938835ef1926",
            "assign_generated_ipv6_cidr_block": false,
            "cidr_block": "10.0.0.0/16",
            "default_network_acl_id": "acl-07a56ccda6bdaceab",
            "default_route_table_id": "rtb-04f53a35676fd339d",
            "default_security_group_id": "sg-02975ba3fe9b65a26",
            "dhcp_options_id": "dopt-76491d11",
            "enable_classiclink": false,
            "enable_classiclink_dns_support": false,
            "enable_dns_hostnames": true,
            "enable_dns_support": true,
            "id": "vpc-0beb3938835ef1926",
            "instance_tenancy": "default",
            "ipv6_association_id": "",
            "ipv6_cidr_block": "",
            "main_route_table_id": "rtb-04f53a35676fd339d",
            "owner_id": "477438465448",
            "tags": {
              "Name": "rails-form-training"
            }
          },
          "private": "eyJzY2hlbWFfdmVyc2lvbiI6IjEifQ=="
        }
      ]
    },
    {
      "mode": "managed",
      "type": "github_repository_webhook",
      "name": "rails-form-training",
      "provider": "provider.github",
      "instances": [
        {
          "schema_version": 1,
          "attributes": {
            "active": true,
            "configuration": [
              {
                "content_type": "json",
                "insecure_ssl": false,
                "secret": "VeryRandomStringMoreThan20Byte!",
                "url": "https://ap-northeast-1.webhooks.aws/trigger?t=eyJlbmNyeXB0ZWREYXRhIjoiczM2eHB1b0NjOWFlRzRidngzZlBYZ3pxUmNaVmQyYnNoVnBSdllQTGl5b0RaSGd1VTRNWVVxZmRzSHJESjdoZytTM21VNnpnbEpkblpmNE50aEVhcUtUa3dyOGxoTGlIWFdkaElyM3VJRTJ0SG1RQmtybGcrVVpTT1lPdXFFUm4wZTBDY1BBSXQ5OVU1YTlqTThZOFpxazBnSnE1enhrVlU1Tk9WeUl3Z2VBUFNRPT0iLCJpdlBhcmFtZXRlclNwZWMiOiJCNERpYVNpZDR3eWdQMHRiIiwibWF0ZXJpYWxTZXRTZXJpYWwiOjF9\u0026v=1"
              }
            ],
            "etag": null,
            "events": [
              "push"
            ],
            "id": "209690979",
            "name": null,
            "repository": "rails-form-training",
            "url": "https://api.github.com/repos/medakarb/rails-form-training/hooks/209690979"
          },
          "private": "eyJzY2hlbWFfdmVyc2lvbiI6IjEifQ==",
          "dependencies": [
            "aws_codebuild_project.rails-form-training",
            "aws_codepipeline.rails-form-training",
            "aws_codepipeline_webhook.rails-form-training",
            "aws_ecs_cluster.rails-form-training",
            "aws_s3_bucket.artifact",
            "module.codebuild_role.aws_iam_role.default",
            "module.codepipeline_role.aws_iam_role.default"
          ]
        }
      ]
    }
  ]
}
